// !$*UTF8*$!
{
	archiveVersion = 1;
	classes = {
	};
	objectVersion = 52;
	objects = {

/* Begin PBXBuildFile section */
		0207DA581B56EA530066E2B4 /* Images.xcassets in Resources */ = {isa = PBXBuildFile; fileRef = 0207DA571B56EA530066E2B4 /* Images.xcassets */; };
		1D3623260D0F684500981E51 /* AppDelegate.m in Sources */ = {isa = PBXBuildFile; fileRef = 1D3623250D0F684500981E51 /* AppDelegate.m */; };
		1D60589B0D05DD56006BFB54 /* main.m in Sources */ = {isa = PBXBuildFile; fileRef = 29B97316FDCFA39411CA2CEA /* main.m */; };
		301BF552109A68D80062928A /* libCordova.a in Frameworks */ = {isa = PBXBuildFile; fileRef = 301BF535109A57CC0062928A /* libCordova.a */; settings = {ATTRIBUTES = (Required, ); }; };
		302D95F114D2391D003F00A1 /* MainViewController.m in Sources */ = {isa = PBXBuildFile; fileRef = 302D95EF14D2391D003F00A1 /* MainViewController.m */; };
		302D95F214D2391D003F00A1 /* MainViewController.xib in Resources */ = {isa = PBXBuildFile; fileRef = 302D95F014D2391D003F00A1 /* MainViewController.xib */; };
		6AFF5BF91D6E424B00AB3073 /* CDVLaunchScreen.storyboard in Resources */ = {isa = PBXBuildFile; fileRef = 6AFF5BF81D6E424B00AB3073 /* CDVLaunchScreen.storyboard */; };
		76378CDA8DF843D1902D6FDB /* GoogleAppMeasurement.xcframework in Resources */ = {isa = PBXBuildFile; fileRef = B061ED6389164EC3919F16B0 /* GoogleAppMeasurement.xcframework */; };
		7D30525CD7FA47CDB71AA35C /* GoogleAppMeasurementIdentitySupport.xcframework in Resources */ = {isa = PBXBuildFile; fileRef = 4A9AC9BD338F40EFBEDAAA9E /* GoogleAppMeasurementIdentitySupport.xcframework */; };
		4308302323814257ACA6CBF5 /* GoogleMobileAds.xcframework in Resources */ = {isa = PBXBuildFile; fileRef = AF38A6B4D12B4885B83DB53E /* GoogleMobileAds.xcframework */; };
		045EA6703C54441F85BBAD38 /* GoogleUtilities.xcframework in Resources */ = {isa = PBXBuildFile; fileRef = F9C0681157AC42AA9EE22623 /* GoogleUtilities.xcframework */; };
		6DE883CC201E46A89936D60F /* UserMessagingPlatform.xcframework in Resources */ = {isa = PBXBuildFile; fileRef = 4C07FAFC00D6438BA4882978 /* UserMessagingPlatform.xcframework */; };
		A935CC955D444B6890C9ED34 /* PromisesObjC.xcframework in Resources */ = {isa = PBXBuildFile; fileRef = 092B245F2F484E589F087237 /* PromisesObjC.xcframework */; };
		809B992FD9334A9191F567C8 /* nanopb.xcframework in Resources */ = {isa = PBXBuildFile; fileRef = 3237B4EAB3084E93AD54B3AA /* nanopb.xcframework */; };
		A5A05C2B49E74CD09D75BB63 /* CDVPluginExt.m in Sources */ = {isa = PBXBuildFile; fileRef = 34EF0517B8EF4193879B2A89 /* CDVPluginExt.m */; };
		0A88DA40796042CDB179F8F2 /* libCordovaGenericAd.a in Frameworks */ = {isa = PBXBuildFile; fileRef = D20D2B5214A149CFA54071D5 /* libCordovaGenericAd.a */; };
		BE5A200067AA4720A0BAF654 /* CFNetwork.framework in Frameworks */ = {isa = PBXBuildFile; fileRef = 85747EA04D0C4BFA9D40F9C2 /* CFNetwork.framework */; };
		38D1B7F180004B07A08EA21A /* CDVAdMobPlugin.m in Sources */ = {isa = PBXBuildFile; fileRef = 681EB746B8AA4BEC8C31A846 /* CDVAdMobPlugin.m */; };
		5F799584DE2049078C9B2CFE /* AdMobMediation.m in Sources */ = {isa = PBXBuildFile; fileRef = DC49876AF4904E208276D9DD /* AdMobMediation.m */; };
		70471702969E487795A052FF /* CDVNotification.m in Sources */ = {isa = PBXBuildFile; fileRef = C32664B65AC14527B085ADED /* CDVNotification.m */; };
		CFBB025B25E34D1FA699D06E /* CDVNotification.bundle in Resources */ = {isa = PBXBuildFile; fileRef = A5B5B6490B0A481CAFC0F416 /* CDVNotification.bundle */; };
		0E572062111A401D8E0C368F /* AudioToolbox.framework in Frameworks */ = {isa = PBXBuildFile; fileRef = F6B301D890104807A552418E /* AudioToolbox.framework */; settings = {ATTRIBUTES = (Weak, ); }; };
		47E44188EC47483D9FE34F3C /* NativeStorage.m in Sources */ = {isa = PBXBuildFile; fileRef = EDF7B3FFB3AC4C8F954CE158 /* NativeStorage.m */; };
		0F88CD70503941B0972A6068 /* CDVAppRate.m in Sources */ = {isa = PBXBuildFile; fileRef = 5FB89FE1C7514AEEB41AC5B9 /* CDVAppRate.m */; };
		928F6B127CCA4453B574F397 /* StoreKit.framework in Frameworks */ = {isa = PBXBuildFile; fileRef = BB601A892C7445C4928D9485 /* StoreKit.framework */; };
		B38A1D614E6F4CA0AC3DE697 /* CDVDevice.m in Sources */ = {isa = PBXBuildFile; fileRef = 88A1DB7770B148168D931466 /* CDVDevice.m */; };
		E3885F5A82F5436BBF1D305D /* CDVLocation.m in Sources */ = {isa = PBXBuildFile; fileRef = F1125B49E9284194AD03F362 /* CDVLocation.m */; };
		BBBD00F86E064120AE756853 /* CoreLocation.framework in Frameworks */ = {isa = PBXBuildFile; fileRef = E9900A225E6548918C660F1E /* CoreLocation.framework */; };
		2B76CD91E8CB47209CE76948 /* IdfaPlugin.m in Sources */ = {isa = PBXBuildFile; fileRef = 27ADF39CF52E446D910EF735 /* IdfaPlugin.m */; };
		432FBFE861644F649F95DA63 /* AdSupport.framework in Frameworks */ = {isa = PBXBuildFile; fileRef = 3AB9877C8BB9447D9F2D0063 /* AdSupport.framework */; settings = {ATTRIBUTES = (Weak, ); }; };
		6AB961072BF24F58BF346C85 /* AppTrackingTransparency.framework in Frameworks */ = {isa = PBXBuildFile; fileRef = C06AA6829AB54DFF849B95F3 /* AppTrackingTransparency.framework */; settings = {ATTRIBUTES = (Weak, ); }; };
		0B384D1E536A44078D54706A /* CDVInAppBrowserOptions.m in Sources */ = {isa = PBXBuildFile; fileRef = 8805FB67C7A340318510DDA8 /* CDVInAppBrowserOptions.m */; };
		8AD5833B281345969A4709B1 /* CDVInAppBrowserNavigationController.m in Sources */ = {isa = PBXBuildFile; fileRef = DC32F3B65A9F40499F21EC4A /* CDVInAppBrowserNavigationController.m */; };
		849D252228524644B33ED5F5 /* CDVWKInAppBrowser.m in Sources */ = {isa = PBXBuildFile; fileRef = A3500ED1D07B4BC08E6FC139 /* CDVWKInAppBrowser.m */; };
		833C8873594F4B258E9C7D95 /* CDVWKInAppBrowserUIDelegate.m in Sources */ = {isa = PBXBuildFile; fileRef = D56FE3E8E4F8421F8737AA34 /* CDVWKInAppBrowserUIDelegate.m */; };
		AF9C817301C6477492C09F9A /* CDVWKWebViewFileXhr.m in Sources */ = {isa = PBXBuildFile; fileRef = 72707D0BF522443EB92AE510 /* CDVWKWebViewFileXhr.m */; };
		ED589471717744F0A8A08F8B /* WebKit.framework in Frameworks */ = {isa = PBXBuildFile; fileRef = BB9CA32DFE9C4436993A255A /* WebKit.framework */; settings = {ATTRIBUTES = (Weak, ); }; };
/* End PBXBuildFile section */

/* Begin PBXContainerItemProxy section */
		301BF534109A57CC0062928A /* PBXContainerItemProxy */ = {
			isa = PBXContainerItemProxy;
			containerPortal = 301BF52D109A57CC0062928A /* CordovaLib/CordovaLib.xcodeproj */;
			proxyType = 2;
			remoteGlobalIDString = D2AAC07E0554694100DB518D;
			remoteInfo = CordovaLib;
		};
		301BF550109A68C00062928A /* PBXContainerItemProxy */ = {
			isa = PBXContainerItemProxy;
			containerPortal = 301BF52D109A57CC0062928A /* CordovaLib/CordovaLib.xcodeproj */;
			proxyType = 1;
			remoteGlobalIDString = D2AAC07D0554694100DB518D;
			remoteInfo = CordovaLib;
		};
		907D8123214C687600058A10 /* PBXContainerItemProxy */ = {
			isa = PBXContainerItemProxy;
			containerPortal = 301BF52D109A57CC0062928A /* CordovaLib/CordovaLib.xcodeproj */;
			proxyType = 2;
			remoteGlobalIDString = C0C01EB21E3911D50056E6CB;
			remoteInfo = Cordova;
		};
/* End PBXContainerItemProxy section */

/* Begin PBXFileReference section */
		0207DA571B56EA530066E2B4 /* Images.xcassets */ = {isa = PBXFileReference; lastKnownFileType = folder.assetcatalog; name = Images.xcassets; path = "Tranvias Coruña/Images.xcassets"; sourceTree = SOURCE_ROOT; };
		1D3623240D0F684500981E51 /* AppDelegate.h */ = {isa = PBXFileReference; fileEncoding = 4; lastKnownFileType = sourcecode.c.h; path = AppDelegate.h; sourceTree = "<group>"; };
		1D3623250D0F684500981E51 /* AppDelegate.m */ = {isa = PBXFileReference; fileEncoding = 4; lastKnownFileType = sourcecode.c.objc; path = AppDelegate.m; sourceTree = "<group>"; };
		1D6058910D05DD3D006BFB54 /* Tranvias Coruña.app */ = {isa = PBXFileReference; explicitFileType = wrapper.application; includeInIndex = 0; path = "Tranvias Coruña.app"; sourceTree = BUILT_PRODUCTS_DIR; };
		29B97316FDCFA39411CA2CEA /* main.m */ = {isa = PBXFileReference; fileEncoding = 4; lastKnownFileType = sourcecode.c.objc; path = main.m; sourceTree = "<group>"; };
		301BF52D109A57CC0062928A /* CordovaLib/CordovaLib.xcodeproj */ = {isa = PBXFileReference; lastKnownFileType = "wrapper.pb-project"; name = CordovaLib.xcodeproj; path = CordovaLib/CordovaLib.xcodeproj; sourceTree = "<group>"; };
		301BF56E109A69640062928A /* www */ = {isa = PBXFileReference; lastKnownFileType = folder; path = www; sourceTree = SOURCE_ROOT; };
		302D95EE14D2391D003F00A1 /* MainViewController.h */ = {isa = PBXFileReference; fileEncoding = 4; lastKnownFileType = sourcecode.c.h; path = MainViewController.h; sourceTree = "<group>"; };
		302D95EF14D2391D003F00A1 /* MainViewController.m */ = {isa = PBXFileReference; fileEncoding = 4; lastKnownFileType = sourcecode.c.objc; path = MainViewController.m; sourceTree = "<group>"; };
		302D95F014D2391D003F00A1 /* MainViewController.xib */ = {isa = PBXFileReference; fileEncoding = 4; lastKnownFileType = file.xib; path = MainViewController.xib; sourceTree = "<group>"; };
		3047A50F1AB8059700498E2A /* build-debug.xcconfig */ = {isa = PBXFileReference; fileEncoding = 4; lastKnownFileType = text.xcconfig; name = "build-debug.xcconfig"; path = "cordova/build-debug.xcconfig"; sourceTree = SOURCE_ROOT; };
		3047A5101AB8059700498E2A /* build-release.xcconfig */ = {isa = PBXFileReference; fileEncoding = 4; lastKnownFileType = text.xcconfig; name = "build-release.xcconfig"; path = "cordova/build-release.xcconfig"; sourceTree = SOURCE_ROOT; };
		3047A5111AB8059700498E2A /* build.xcconfig */ = {isa = PBXFileReference; fileEncoding = 4; lastKnownFileType = text.xcconfig; name = build.xcconfig; path = cordova/build.xcconfig; sourceTree = SOURCE_ROOT; };
		32CA4F630368D1EE00C91783 /* Tranvias Coruña-Prefix.pch */ = {isa = PBXFileReference; fileEncoding = 4; lastKnownFileType = sourcecode.c.h; path = "Tranvias Coruña-Prefix.pch"; sourceTree = "<group>"; };
		6AFF5BF81D6E424B00AB3073 /* CDVLaunchScreen.storyboard */ = {isa = PBXFileReference; fileEncoding = 4; lastKnownFileType = file.storyboard; name = CDVLaunchScreen.storyboard; path = "Tranvias Coruña/CDVLaunchScreen.storyboard"; sourceTree = SOURCE_ROOT; };
		8D1107310486CEB800E47090 /* Tranvias Coruña-Info.plist */ = {isa = PBXFileReference; fileEncoding = 4; lastKnownFileType = text.plist.xml; name = "Tranvias Coruña-Info.plist"; path = "Tranvias Coruña/Tranvias Coruña-Info.plist"; plistStructureDefinitionIdentifier = "com.apple.xcode.plist.structure-definition.iphone.info-plist"; sourceTree = SOURCE_ROOT; };
		EB87FDF31871DA8E0020F90C /* www */ = {isa = PBXFileReference; lastKnownFileType = folder; name = www; path = ../../www; sourceTree = "<group>"; };
		EB87FDF41871DAF40020F90C /* config.xml */ = {isa = PBXFileReference; lastKnownFileType = text.xml; name = config.xml; path = ../../config.xml; sourceTree = "<group>"; };
		ED33DF2A687741AEAF9F8254 /* Bridging-Header.h */ = {isa = PBXFileReference; fileEncoding = 4; lastKnownFileType = sourcecode.c.h; path = "Bridging-Header.h"; sourceTree = "<group>"; };
		F840E1F0165FE0F500CFE078 /* config.xml */ = {isa = PBXFileReference; lastKnownFileType = text.xml; name = config.xml; path = "Tranvias Coruña/config.xml"; sourceTree = "<group>"; };
		B061ED6389164EC3919F16B0 /* GoogleAppMeasurement.xcframework */ = {isa = PBXFileReference; name = "GoogleAppMeasurement.xcframework"; path = "Tranvias Coruña/Plugins/cordova-admobsdk/GoogleAppMeasurement.xcframework"; sourceTree = "<group>"; fileEncoding = undefined; lastKnownFileType = unknown; explicitFileType = undefined; includeInIndex = 0; };
		4A9AC9BD338F40EFBEDAAA9E /* GoogleAppMeasurementIdentitySupport.xcframework */ = {isa = PBXFileReference; name = "GoogleAppMeasurementIdentitySupport.xcframework"; path = "Tranvias Coruña/Plugins/cordova-admobsdk/GoogleAppMeasurementIdentitySupport.xcframework"; sourceTree = "<group>"; fileEncoding = undefined; lastKnownFileType = unknown; explicitFileType = undefined; includeInIndex = 0; };
		AF38A6B4D12B4885B83DB53E /* GoogleMobileAds.xcframework */ = {isa = PBXFileReference; name = "GoogleMobileAds.xcframework"; path = "Tranvias Coruña/Plugins/cordova-admobsdk/GoogleMobileAds.xcframework"; sourceTree = "<group>"; fileEncoding = undefined; lastKnownFileType = unknown; explicitFileType = undefined; includeInIndex = 0; };
		F9C0681157AC42AA9EE22623 /* GoogleUtilities.xcframework */ = {isa = PBXFileReference; name = "GoogleUtilities.xcframework"; path = "Tranvias Coruña/Plugins/cordova-admobsdk/GoogleUtilities.xcframework"; sourceTree = "<group>"; fileEncoding = undefined; lastKnownFileType = unknown; explicitFileType = undefined; includeInIndex = 0; };
		4C07FAFC00D6438BA4882978 /* UserMessagingPlatform.xcframework */ = {isa = PBXFileReference; name = "UserMessagingPlatform.xcframework"; path = "Tranvias Coruña/Plugins/cordova-admobsdk/UserMessagingPlatform.xcframework"; sourceTree = "<group>"; fileEncoding = undefined; lastKnownFileType = unknown; explicitFileType = undefined; includeInIndex = 0; };
		092B245F2F484E589F087237 /* PromisesObjC.xcframework */ = {isa = PBXFileReference; name = "PromisesObjC.xcframework"; path = "Tranvias Coruña/Plugins/cordova-admobsdk/PromisesObjC.xcframework"; sourceTree = "<group>"; fileEncoding = undefined; lastKnownFileType = unknown; explicitFileType = undefined; includeInIndex = 0; };
		3237B4EAB3084E93AD54B3AA /* nanopb.xcframework */ = {isa = PBXFileReference; name = "nanopb.xcframework"; path = "Tranvias Coruña/Plugins/cordova-admobsdk/nanopb.xcframework"; sourceTree = "<group>"; fileEncoding = undefined; lastKnownFileType = unknown; explicitFileType = undefined; includeInIndex = 0; };
		34EF0517B8EF4193879B2A89 /* CDVPluginExt.m */ = {isa = PBXFileReference; name = "CDVPluginExt.m"; path = "cordova-plugin-extension/CDVPluginExt.m"; sourceTree = "<group>"; fileEncoding = 4; lastKnownFileType = sourcecode.c.objc; explicitFileType = undefined; includeInIndex = 0; };
		D20D2B5214A149CFA54071D5 /* libCordovaGenericAd.a */ = {isa = PBXFileReference; name = "libCordovaGenericAd.a"; path = "Tranvias Coruña/Plugins/cordova-plugin-extension/libCordovaGenericAd.a"; sourceTree = "<group>"; fileEncoding = undefined; lastKnownFileType = archive.ar; explicitFileType = undefined; includeInIndex = 0; };
		8DB548561168420298DD844D /* PluginAdapterDelegate.h */ = {isa = PBXFileReference; name = "PluginAdapterDelegate.h"; path = "cordova-plugin-extension/PluginAdapterDelegate.h"; sourceTree = "<group>"; fileEncoding = 4; lastKnownFileType = sourcecode.c.h; explicitFileType = undefined; includeInIndex = 0; };
		0E687B54CBD045C7BA305947 /* CDVPluginExt.h */ = {isa = PBXFileReference; name = "CDVPluginExt.h"; path = "cordova-plugin-extension/CDVPluginExt.h"; sourceTree = "<group>"; fileEncoding = 4; lastKnownFileType = sourcecode.c.h; explicitFileType = undefined; includeInIndex = 0; };
		A62794C81F0643CFABA3BAFE /* GenericAdPlugin.h */ = {isa = PBXFileReference; name = "GenericAdPlugin.h"; path = "cordova-plugin-extension/GenericAdPlugin.h"; sourceTree = "<group>"; fileEncoding = 4; lastKnownFileType = sourcecode.c.h; explicitFileType = undefined; includeInIndex = 0; };
		85747EA04D0C4BFA9D40F9C2 /* CFNetwork.framework */ = {isa = PBXFileReference; name = "CFNetwork.framework"; path = "System/Library/Frameworks/CFNetwork.framework"; sourceTree = SDKROOT; fileEncoding = undefined; lastKnownFileType = wrapper.framework; explicitFileType = undefined; includeInIndex = 0; };
		681EB746B8AA4BEC8C31A846 /* CDVAdMobPlugin.m */ = {isa = PBXFileReference; name = "CDVAdMobPlugin.m"; path = "cordova-plugin-admobpro/CDVAdMobPlugin.m"; sourceTree = "<group>"; fileEncoding = 4; lastKnownFileType = sourcecode.c.objc; explicitFileType = undefined; includeInIndex = 0; };
		DC49876AF4904E208276D9DD /* AdMobMediation.m */ = {isa = PBXFileReference; name = "AdMobMediation.m"; path = "cordova-plugin-admobpro/AdMobMediation.m"; sourceTree = "<group>"; fileEncoding = 4; lastKnownFileType = sourcecode.c.objc; explicitFileType = undefined; includeInIndex = 0; };
		7587B01F3E794F11B222CBA7 /* CDVAdMobPlugin.h */ = {isa = PBXFileReference; name = "CDVAdMobPlugin.h"; path = "cordova-plugin-admobpro/CDVAdMobPlugin.h"; sourceTree = "<group>"; fileEncoding = 4; lastKnownFileType = sourcecode.c.h; explicitFileType = undefined; includeInIndex = 0; };
		8675699FB9E94C678AF81DFC /* AdMobMediation.h */ = {isa = PBXFileReference; name = "AdMobMediation.h"; path = "cordova-plugin-admobpro/AdMobMediation.h"; sourceTree = "<group>"; fileEncoding = 4; lastKnownFileType = sourcecode.c.h; explicitFileType = undefined; includeInIndex = 0; };
		C32664B65AC14527B085ADED /* CDVNotification.m */ = {isa = PBXFileReference; name = "CDVNotification.m"; path = "cordova-plugin-dialogs/CDVNotification.m"; sourceTree = "<group>"; fileEncoding = 4; lastKnownFileType = sourcecode.c.objc; explicitFileType = undefined; includeInIndex = 0; };
		0D85F65682294DACAFAB5DC2 /* CDVNotification.h */ = {isa = PBXFileReference; name = "CDVNotification.h"; path = "cordova-plugin-dialogs/CDVNotification.h"; sourceTree = "<group>"; fileEncoding = 4; lastKnownFileType = sourcecode.c.h; explicitFileType = undefined; includeInIndex = 0; };
		A5B5B6490B0A481CAFC0F416 /* CDVNotification.bundle */ = {isa = PBXFileReference; name = "CDVNotification.bundle"; path = "CDVNotification.bundle"; sourceTree = "<group>"; fileEncoding = undefined; lastKnownFileType = wrapper.plug-in; explicitFileType = undefined; includeInIndex = 0; };
		F6B301D890104807A552418E /* AudioToolbox.framework */ = {isa = PBXFileReference; name = "AudioToolbox.framework"; path = "System/Library/Frameworks/AudioToolbox.framework"; sourceTree = SDKROOT; fileEncoding = undefined; lastKnownFileType = wrapper.framework; explicitFileType = undefined; includeInIndex = 0; };
		EDF7B3FFB3AC4C8F954CE158 /* NativeStorage.m */ = {isa = PBXFileReference; name = "NativeStorage.m"; path = "cordova-plugin-nativestorage/NativeStorage.m"; sourceTree = "<group>"; fileEncoding = 4; lastKnownFileType = sourcecode.c.objc; explicitFileType = undefined; includeInIndex = 0; };
		59C21721C4B84ADD8267AE1C /* NativeStorage.h */ = {isa = PBXFileReference; name = "NativeStorage.h"; path = "cordova-plugin-nativestorage/NativeStorage.h"; sourceTree = "<group>"; fileEncoding = 4; lastKnownFileType = sourcecode.c.h; explicitFileType = undefined; includeInIndex = 0; };
		5FB89FE1C7514AEEB41AC5B9 /* CDVAppRate.m */ = {isa = PBXFileReference; name = "CDVAppRate.m"; path = "cordova-plugin-apprate/CDVAppRate.m"; sourceTree = "<group>"; fileEncoding = 4; lastKnownFileType = sourcecode.c.objc; explicitFileType = undefined; includeInIndex = 0; };
		C7F406D941B64923B9B5A7DA /* CDVAppRate.h */ = {isa = PBXFileReference; name = "CDVAppRate.h"; path = "cordova-plugin-apprate/CDVAppRate.h"; sourceTree = "<group>"; fileEncoding = 4; lastKnownFileType = sourcecode.c.h; explicitFileType = undefined; includeInIndex = 0; };
		BB601A892C7445C4928D9485 /* StoreKit.framework */ = {isa = PBXFileReference; name = "StoreKit.framework"; path = "System/Library/Frameworks/StoreKit.framework"; sourceTree = SDKROOT; fileEncoding = undefined; lastKnownFileType = wrapper.framework; explicitFileType = undefined; includeInIndex = 0; };
		88A1DB7770B148168D931466 /* CDVDevice.m */ = {isa = PBXFileReference; name = "CDVDevice.m"; path = "cordova-plugin-device/CDVDevice.m"; sourceTree = "<group>"; fileEncoding = 4; lastKnownFileType = sourcecode.c.objc; explicitFileType = undefined; includeInIndex = 0; };
		22CBEE3F25CC4D9FBE56193C /* CDVDevice.h */ = {isa = PBXFileReference; name = "CDVDevice.h"; path = "cordova-plugin-device/CDVDevice.h"; sourceTree = "<group>"; fileEncoding = 4; lastKnownFileType = sourcecode.c.h; explicitFileType = undefined; includeInIndex = 0; };
		F1125B49E9284194AD03F362 /* CDVLocation.m */ = {isa = PBXFileReference; name = "CDVLocation.m"; path = "cordova-plugin-geolocation/CDVLocation.m"; sourceTree = "<group>"; fileEncoding = 4; lastKnownFileType = sourcecode.c.objc; explicitFileType = undefined; includeInIndex = 0; };
		FE1090130D824FF0881B5C6B /* CDVLocation.h */ = {isa = PBXFileReference; name = "CDVLocation.h"; path = "cordova-plugin-geolocation/CDVLocation.h"; sourceTree = "<group>"; fileEncoding = 4; lastKnownFileType = sourcecode.c.h; explicitFileType = undefined; includeInIndex = 0; };
		E9900A225E6548918C660F1E /* CoreLocation.framework */ = {isa = PBXFileReference; name = "CoreLocation.framework"; path = "System/Library/Frameworks/CoreLocation.framework"; sourceTree = SDKROOT; fileEncoding = undefined; lastKnownFileType = wrapper.framework; explicitFileType = undefined; includeInIndex = 0; };
		27ADF39CF52E446D910EF735 /* IdfaPlugin.m */ = {isa = PBXFileReference; name = "IdfaPlugin.m"; path = "cordova-plugin-idfa/IdfaPlugin.m"; sourceTree = "<group>"; fileEncoding = 4; lastKnownFileType = sourcecode.c.objc; explicitFileType = undefined; includeInIndex = 0; };
		A47783B583F04D09B11A76BA /* IdfaPlugin.h */ = {isa = PBXFileReference; name = "IdfaPlugin.h"; path = "cordova-plugin-idfa/IdfaPlugin.h"; sourceTree = "<group>"; fileEncoding = 4; lastKnownFileType = sourcecode.c.h; explicitFileType = undefined; includeInIndex = 0; };
		3AB9877C8BB9447D9F2D0063 /* AdSupport.framework */ = {isa = PBXFileReference; name = "AdSupport.framework"; path = "System/Library/Frameworks/AdSupport.framework"; sourceTree = SDKROOT; fileEncoding = undefined; lastKnownFileType = wrapper.framework; explicitFileType = undefined; includeInIndex = 0; };
		C06AA6829AB54DFF849B95F3 /* AppTrackingTransparency.framework */ = {isa = PBXFileReference; name = "AppTrackingTransparency.framework"; path = "System/Library/Frameworks/AppTrackingTransparency.framework"; sourceTree = SDKROOT; fileEncoding = undefined; lastKnownFileType = wrapper.framework; explicitFileType = undefined; includeInIndex = 0; };
		8805FB67C7A340318510DDA8 /* CDVInAppBrowserOptions.m */ = {isa = PBXFileReference; name = "CDVInAppBrowserOptions.m"; path = "cordova-plugin-inappbrowser/CDVInAppBrowserOptions.m"; sourceTree = "<group>"; fileEncoding = 4; lastKnownFileType = sourcecode.c.objc; explicitFileType = undefined; includeInIndex = 0; };
		DC32F3B65A9F40499F21EC4A /* CDVInAppBrowserNavigationController.m */ = {isa = PBXFileReference; name = "CDVInAppBrowserNavigationController.m"; path = "cordova-plugin-inappbrowser/CDVInAppBrowserNavigationController.m"; sourceTree = "<group>"; fileEncoding = 4; lastKnownFileType = sourcecode.c.objc; explicitFileType = undefined; includeInIndex = 0; };
		A3500ED1D07B4BC08E6FC139 /* CDVWKInAppBrowser.m */ = {isa = PBXFileReference; name = "CDVWKInAppBrowser.m"; path = "cordova-plugin-inappbrowser/CDVWKInAppBrowser.m"; sourceTree = "<group>"; fileEncoding = 4; lastKnownFileType = sourcecode.c.objc; explicitFileType = undefined; includeInIndex = 0; };
		D56FE3E8E4F8421F8737AA34 /* CDVWKInAppBrowserUIDelegate.m */ = {isa = PBXFileReference; name = "CDVWKInAppBrowserUIDelegate.m"; path = "cordova-plugin-inappbrowser/CDVWKInAppBrowserUIDelegate.m"; sourceTree = "<group>"; fileEncoding = 4; lastKnownFileType = sourcecode.c.objc; explicitFileType = undefined; includeInIndex = 0; };
		5B0A1D0E9ED54654972E5FDE /* CDVInAppBrowserOptions.h */ = {isa = PBXFileReference; name = "CDVInAppBrowserOptions.h"; path = "cordova-plugin-inappbrowser/CDVInAppBrowserOptions.h"; sourceTree = "<group>"; fileEncoding = 4; lastKnownFileType = sourcecode.c.h; explicitFileType = undefined; includeInIndex = 0; };
		3440C8684EDC44B2A7E7D1AC /* CDVInAppBrowserNavigationController.h */ = {isa = PBXFileReference; name = "CDVInAppBrowserNavigationController.h"; path = "cordova-plugin-inappbrowser/CDVInAppBrowserNavigationController.h"; sourceTree = "<group>"; fileEncoding = 4; lastKnownFileType = sourcecode.c.h; explicitFileType = undefined; includeInIndex = 0; };
		0FE67C16007F4D4E811B48B8 /* CDVWKInAppBrowser.h */ = {isa = PBXFileReference; name = "CDVWKInAppBrowser.h"; path = "cordova-plugin-inappbrowser/CDVWKInAppBrowser.h"; sourceTree = "<group>"; fileEncoding = 4; lastKnownFileType = sourcecode.c.h; explicitFileType = undefined; includeInIndex = 0; };
		0FDC6CAEF55547D89AA230EE /* CDVWKInAppBrowserUIDelegate.h */ = {isa = PBXFileReference; name = "CDVWKInAppBrowserUIDelegate.h"; path = "cordova-plugin-inappbrowser/CDVWKInAppBrowserUIDelegate.h"; sourceTree = "<group>"; fileEncoding = 4; lastKnownFileType = sourcecode.c.h; explicitFileType = undefined; includeInIndex = 0; };
		72707D0BF522443EB92AE510 /* CDVWKWebViewFileXhr.m */ = {isa = PBXFileReference; name = "CDVWKWebViewFileXhr.m"; path = "cordova-plugin-wkwebview-file-xhr/CDVWKWebViewFileXhr.m"; sourceTree = "<group>"; fileEncoding = 4; lastKnownFileType = sourcecode.c.objc; explicitFileType = undefined; includeInIndex = 0; };
		DCEB3806E39A46AEB4A156FB /* CDVWKWebViewFileXhr.h */ = {isa = PBXFileReference; name = "CDVWKWebViewFileXhr.h"; path = "cordova-plugin-wkwebview-file-xhr/CDVWKWebViewFileXhr.h"; sourceTree = "<group>"; fileEncoding = 4; lastKnownFileType = sourcecode.c.h; explicitFileType = undefined; includeInIndex = 0; };
		BB9CA32DFE9C4436993A255A /* WebKit.framework */ = {isa = PBXFileReference; name = "WebKit.framework"; path = "System/Library/Frameworks/WebKit.framework"; sourceTree = SDKROOT; fileEncoding = undefined; lastKnownFileType = wrapper.framework; explicitFileType = undefined; includeInIndex = 0; };
/* End PBXFileReference section */

/* Begin PBXFrameworksBuildPhase section */
		1D60588F0D05DD3D006BFB54 /* Frameworks */ = {
			isa = PBXFrameworksBuildPhase;
			buildActionMask = 2147483647;
			files = (
				301BF552109A68D80062928A /* libCordova.a in Frameworks */,
				76378CDA8DF843D1902D6FDB /* GoogleAppMeasurement.xcframework in Resources */,
				7D30525CD7FA47CDB71AA35C /* GoogleAppMeasurementIdentitySupport.xcframework in Resources */,
				4308302323814257ACA6CBF5 /* GoogleMobileAds.xcframework in Resources */,
				045EA6703C54441F85BBAD38 /* GoogleUtilities.xcframework in Resources */,
				6DE883CC201E46A89936D60F /* UserMessagingPlatform.xcframework in Resources */,
				A935CC955D444B6890C9ED34 /* PromisesObjC.xcframework in Resources */,
				809B992FD9334A9191F567C8 /* nanopb.xcframework in Resources */,
				0A88DA40796042CDB179F8F2 /* libCordovaGenericAd.a in Frameworks */,
				BE5A200067AA4720A0BAF654 /* CFNetwork.framework in Frameworks */,
				0E572062111A401D8E0C368F /* AudioToolbox.framework in Frameworks */,
				928F6B127CCA4453B574F397 /* StoreKit.framework in Frameworks */,
				BBBD00F86E064120AE756853 /* CoreLocation.framework in Frameworks */,
				432FBFE861644F649F95DA63 /* AdSupport.framework in Frameworks */,
				6AB961072BF24F58BF346C85 /* AppTrackingTransparency.framework in Frameworks */,
				ED589471717744F0A8A08F8B /* WebKit.framework in Frameworks */,
			);
			runOnlyForDeploymentPostprocessing = 0;
		};
/* End PBXFrameworksBuildPhase section */

/* Begin PBXGroup section */
		080E96DDFE201D6D7F000001 /* Classes */ = {
			isa = PBXGroup;
			children = (
				302D95EE14D2391D003F00A1 /* MainViewController.h */,
				302D95EF14D2391D003F00A1 /* MainViewController.m */,
				302D95F014D2391D003F00A1 /* MainViewController.xib */,
				1D3623240D0F684500981E51 /* AppDelegate.h */,
				1D3623250D0F684500981E51 /* AppDelegate.m */,
			);
			name = Classes;
			path = "Tranvias Coruña/Classes";
			sourceTree = SOURCE_ROOT;
		};
		19C28FACFE9D520D11CA2CBB /* Products */ = {
			isa = PBXGroup;
			children = (
				1D6058910D05DD3D006BFB54 /* Tranvias Coruña.app */,
			);
			name = Products;
			sourceTree = "<group>";
		};
		29B97314FDCFA39411CA2CEA /* CustomTemplate */ = {
			isa = PBXGroup;
			children = (
				EB87FDF41871DAF40020F90C /* config.xml */,
				EB87FDF31871DA8E0020F90C /* www */,
				EB87FDF11871DA420020F90C /* Staging */,
				301BF52D109A57CC0062928A /* CordovaLib/CordovaLib.xcodeproj */,
				080E96DDFE201D6D7F000001 /* Classes */,
				307C750510C5A3420062BCA9 /* Plugins */,
				29B97315FDCFA39411CA2CEA /* Other Sources */,
				29B97317FDCFA39411CA2CEA /* Resources */,
				29B97323FDCFA39411CA2CEA /* Frameworks */,
				19C28FACFE9D520D11CA2CBB /* Products */,
			);
			name = CustomTemplate;
			sourceTree = "<group>";
		};
		29B97315FDCFA39411CA2CEA /* Other Sources */ = {
			isa = PBXGroup;
			children = (
				32CA4F630368D1EE00C91783 /* Tranvias Coruña-Prefix.pch */,
				29B97316FDCFA39411CA2CEA /* main.m */,
				ED33DF2A687741AEAF9F8254 /* Bridging-Header.h */,
			);
			name = "Other Sources";
			path = "Tranvias Coruña";
			sourceTree = "<group>";
		};
		29B97317FDCFA39411CA2CEA /* Resources */ = {
			isa = PBXGroup;
			children = (
				0207DA571B56EA530066E2B4 /* Images.xcassets */,
				3047A50E1AB8057F00498E2A /* config */,
				8D1107310486CEB800E47090 /* Tranvias Coruña-Info.plist */,
				6AFF5BF81D6E424B00AB3073 /* CDVLaunchScreen.storyboard */,
				A5B5B6490B0A481CAFC0F416 /* CDVNotification.bundle */,
			);
			name = Resources;
			path = "Tranvias Coruña/Resources";
			sourceTree = "<group>";
		};
		29B97323FDCFA39411CA2CEA /* Frameworks */ = {
			isa = PBXGroup;
			children = (
				B061ED6389164EC3919F16B0 /* GoogleAppMeasurement.xcframework */,
				4A9AC9BD338F40EFBEDAAA9E /* GoogleAppMeasurementIdentitySupport.xcframework */,
				AF38A6B4D12B4885B83DB53E /* GoogleMobileAds.xcframework */,
				F9C0681157AC42AA9EE22623 /* GoogleUtilities.xcframework */,
				4C07FAFC00D6438BA4882978 /* UserMessagingPlatform.xcframework */,
				092B245F2F484E589F087237 /* PromisesObjC.xcframework */,
				3237B4EAB3084E93AD54B3AA /* nanopb.xcframework */,
				D20D2B5214A149CFA54071D5 /* libCordovaGenericAd.a */,
				85747EA04D0C4BFA9D40F9C2 /* CFNetwork.framework */,
				F6B301D890104807A552418E /* AudioToolbox.framework */,
				BB601A892C7445C4928D9485 /* StoreKit.framework */,
				E9900A225E6548918C660F1E /* CoreLocation.framework */,
				3AB9877C8BB9447D9F2D0063 /* AdSupport.framework */,
				C06AA6829AB54DFF849B95F3 /* AppTrackingTransparency.framework */,
				BB9CA32DFE9C4436993A255A /* WebKit.framework */,
			);
			name = Frameworks;
			sourceTree = "<group>";
		};
		301BF52E109A57CC0062928A /* Products */ = {
			isa = PBXGroup;
			children = (
				301BF535109A57CC0062928A /* libCordova.a */,
				907D8124214C687600058A10 /* Cordova.framework */,
			);
			name = Products;
			sourceTree = "<group>";
		};
		3047A50E1AB8057F00498E2A /* config */ = {
			isa = PBXGroup;
			children = (
				3047A50F1AB8059700498E2A /* build-debug.xcconfig */,
				3047A5101AB8059700498E2A /* build-release.xcconfig */,
				3047A5111AB8059700498E2A /* build.xcconfig */,
			);
			name = config;
			sourceTree = "<group>";
		};
		307C750510C5A3420062BCA9 /* Plugins */ = {
			isa = PBXGroup;
			children = (
				34EF0517B8EF4193879B2A89 /* CDVPluginExt.m */,
				8DB548561168420298DD844D /* PluginAdapterDelegate.h */,
				0E687B54CBD045C7BA305947 /* CDVPluginExt.h */,
				A62794C81F0643CFABA3BAFE /* GenericAdPlugin.h */,
				681EB746B8AA4BEC8C31A846 /* CDVAdMobPlugin.m */,
				DC49876AF4904E208276D9DD /* AdMobMediation.m */,
				7587B01F3E794F11B222CBA7 /* CDVAdMobPlugin.h */,
				8675699FB9E94C678AF81DFC /* AdMobMediation.h */,
				C32664B65AC14527B085ADED /* CDVNotification.m */,
				0D85F65682294DACAFAB5DC2 /* CDVNotification.h */,
				EDF7B3FFB3AC4C8F954CE158 /* NativeStorage.m */,
				59C21721C4B84ADD8267AE1C /* NativeStorage.h */,
				5FB89FE1C7514AEEB41AC5B9 /* CDVAppRate.m */,
				C7F406D941B64923B9B5A7DA /* CDVAppRate.h */,
				88A1DB7770B148168D931466 /* CDVDevice.m */,
				22CBEE3F25CC4D9FBE56193C /* CDVDevice.h */,
				F1125B49E9284194AD03F362 /* CDVLocation.m */,
				FE1090130D824FF0881B5C6B /* CDVLocation.h */,
				27ADF39CF52E446D910EF735 /* IdfaPlugin.m */,
				A47783B583F04D09B11A76BA /* IdfaPlugin.h */,
				8805FB67C7A340318510DDA8 /* CDVInAppBrowserOptions.m */,
				DC32F3B65A9F40499F21EC4A /* CDVInAppBrowserNavigationController.m */,
				A3500ED1D07B4BC08E6FC139 /* CDVWKInAppBrowser.m */,
				D56FE3E8E4F8421F8737AA34 /* CDVWKInAppBrowserUIDelegate.m */,
				5B0A1D0E9ED54654972E5FDE /* CDVInAppBrowserOptions.h */,
				3440C8684EDC44B2A7E7D1AC /* CDVInAppBrowserNavigationController.h */,
				0FE67C16007F4D4E811B48B8 /* CDVWKInAppBrowser.h */,
				0FDC6CAEF55547D89AA230EE /* CDVWKInAppBrowserUIDelegate.h */,
				72707D0BF522443EB92AE510 /* CDVWKWebViewFileXhr.m */,
				DCEB3806E39A46AEB4A156FB /* CDVWKWebViewFileXhr.h */,
			);
			name = Plugins;
			path = "Tranvias Coruña/Plugins";
			sourceTree = SOURCE_ROOT;
		};
		EB87FDF11871DA420020F90C /* Staging */ = {
			isa = PBXGroup;
			children = (
				F840E1F0165FE0F500CFE078 /* config.xml */,
				301BF56E109A69640062928A /* www */,
			);
			name = Staging;
			sourceTree = "<group>";
		};
/* End PBXGroup section */

/* Begin PBXNativeTarget section */
		1D6058900D05DD3D006BFB54 /* Tranvias Coruña */ = {
			isa = PBXNativeTarget;
			buildConfigurationList = 1D6058960D05DD3E006BFB54 /* Build configuration list for PBXNativeTarget "Tranvias Coruña" */;
			buildPhases = (
				304B58A110DAC018002A0835 /* Copy www directory */,
				1D60588D0D05DD3D006BFB54 /* Resources */,
				1D60588E0D05DD3D006BFB54 /* Sources */,
				1D60588F0D05DD3D006BFB54 /* Frameworks */,
			);
			buildRules = (
			);
			dependencies = (
				301BF551109A68C00062928A /* PBXTargetDependency */,
			);
			name = "Tranvias Coruña";
			productName = "Tranvias Coruña";
			productReference = 1D6058910D05DD3D006BFB54 /* Tranvias Coruña.app */;
			productType = "com.apple.product-type.application";
		};
/* End PBXNativeTarget section */

/* Begin PBXProject section */
		29B97313FDCFA39411CA2CEA /* Project object */ = {
			isa = PBXProject;
			attributes = {
				LastUpgradeCheck = 1130;
				TargetAttributes = {
					1D6058900D05DD3D006BFB54 = {
						ProvisioningStyle = Automatic;
					};
				};
			};
			buildConfigurationList = C01FCF4E08A954540054247B /* Build configuration list for PBXProject "Tranvias Coruña" */;
			compatibilityVersion = "Xcode 11.0";
			developmentRegion = en;
			hasScannedForEncodings = 1;
			knownRegions = (
				en,
				Base,
			);
			mainGroup = 29B97314FDCFA39411CA2CEA /* CustomTemplate */;
			projectDirPath = "";
			projectReferences = (
				{
					ProductGroup = 301BF52E109A57CC0062928A /* Products */;
					ProjectRef = 301BF52D109A57CC0062928A /* CordovaLib/CordovaLib.xcodeproj */;
				},
			);
			projectRoot = "";
			targets = (
				1D6058900D05DD3D006BFB54 /* Tranvias Coruña */,
			);
		};
/* End PBXProject section */

/* Begin PBXReferenceProxy section */
		301BF535109A57CC0062928A /* libCordova.a */ = {
			isa = PBXReferenceProxy;
			fileType = archive.ar;
			path = libCordova.a;
			remoteRef = 301BF534109A57CC0062928A /* PBXContainerItemProxy */;
			sourceTree = BUILT_PRODUCTS_DIR;
		};
		907D8124214C687600058A10 /* Cordova.framework */ = {
			isa = PBXReferenceProxy;
			fileType = wrapper.framework;
			path = Cordova.framework;
			remoteRef = 907D8123214C687600058A10 /* PBXContainerItemProxy */;
			sourceTree = BUILT_PRODUCTS_DIR;
		};
/* End PBXReferenceProxy section */

/* Begin PBXResourcesBuildPhase section */
		1D60588D0D05DD3D006BFB54 /* Resources */ = {
			isa = PBXResourcesBuildPhase;
			buildActionMask = 2147483647;
			files = (
				302D95F214D2391D003F00A1 /* MainViewController.xib in Resources */,
				0207DA581B56EA530066E2B4 /* Images.xcassets in Resources */,
				6AFF5BF91D6E424B00AB3073 /* CDVLaunchScreen.storyboard in Resources */,
				CFBB025B25E34D1FA699D06E /* CDVNotification.bundle in Resources */,
			);
			runOnlyForDeploymentPostprocessing = 0;
		};
/* End PBXResourcesBuildPhase section */

/* Begin PBXShellScriptBuildPhase section */
		304B58A110DAC018002A0835 /* Copy www directory */ = {
			isa = PBXShellScriptBuildPhase;
			buildActionMask = 2147483647;
			files = (
			);
			inputPaths = (
			);
			name = "Copy www directory";
			outputPaths = (
			);
			runOnlyForDeploymentPostprocessing = 0;
			shellPath = /bin/sh;
			shellScript = "\"$SRCROOT/Tranvias Coruña/Scripts/copy-www-build-step.sh\"";
			showEnvVarsInLog = 0;
		};
/* End PBXShellScriptBuildPhase section */

/* Begin PBXSourcesBuildPhase section */
		1D60588E0D05DD3D006BFB54 /* Sources */ = {
			isa = PBXSourcesBuildPhase;
			buildActionMask = 2147483647;
			files = (
				1D60589B0D05DD56006BFB54 /* main.m in Sources */,
				1D3623260D0F684500981E51 /* AppDelegate.m in Sources */,
				302D95F114D2391D003F00A1 /* MainViewController.m in Sources */,
				A5A05C2B49E74CD09D75BB63 /* CDVPluginExt.m in Sources */,
				38D1B7F180004B07A08EA21A /* CDVAdMobPlugin.m in Sources */,
				5F799584DE2049078C9B2CFE /* AdMobMediation.m in Sources */,
				70471702969E487795A052FF /* CDVNotification.m in Sources */,
				47E44188EC47483D9FE34F3C /* NativeStorage.m in Sources */,
				0F88CD70503941B0972A6068 /* CDVAppRate.m in Sources */,
				B38A1D614E6F4CA0AC3DE697 /* CDVDevice.m in Sources */,
				E3885F5A82F5436BBF1D305D /* CDVLocation.m in Sources */,
				2B76CD91E8CB47209CE76948 /* IdfaPlugin.m in Sources */,
				0B384D1E536A44078D54706A /* CDVInAppBrowserOptions.m in Sources */,
				8AD5833B281345969A4709B1 /* CDVInAppBrowserNavigationController.m in Sources */,
				849D252228524644B33ED5F5 /* CDVWKInAppBrowser.m in Sources */,
				833C8873594F4B258E9C7D95 /* CDVWKInAppBrowserUIDelegate.m in Sources */,
				AF9C817301C6477492C09F9A /* CDVWKWebViewFileXhr.m in Sources */,
			);
			runOnlyForDeploymentPostprocessing = 0;
		};
/* End PBXSourcesBuildPhase section */

/* Begin PBXTargetDependency section */
		301BF551109A68C00062928A /* PBXTargetDependency */ = {
			isa = PBXTargetDependency;
			name = CordovaLib;
			targetProxy = 301BF550109A68C00062928A /* PBXContainerItemProxy */;
		};
/* End PBXTargetDependency section */

/* Begin XCBuildConfiguration section */
		1D6058940D05DD3E006BFB54 /* Debug */ = {
			isa = XCBuildConfiguration;
			baseConfigurationReference = 3047A50F1AB8059700498E2A /* build-debug.xcconfig */;
			buildSettings = {
				ALWAYS_SEARCH_USER_PATHS = NO;
				ASSETCATALOG_COMPILER_APPICON_NAME = AppIcon;
				CLANG_ENABLE_MODULES = YES;
				CLANG_ENABLE_OBJC_ARC = YES;
				COPY_PHASE_STRIP = NO;
				GCC_DYNAMIC_NO_PIC = NO;
				GCC_OPTIMIZATION_LEVEL = 0;
				GCC_PRECOMPILE_PREFIX_HEADER = YES;
				GCC_PREFIX_HEADER = "Tranvias Coruña/Tranvias Coruña-Prefix.pch";
				GCC_THUMB_SUPPORT = NO;
				GCC_VERSION = "";
				INFOPLIST_FILE = "Tranvias Coruña/Tranvias Coruña-Info.plist";
				IPHONEOS_DEPLOYMENT_TARGET = 11.0;
				LD_RUNPATH_SEARCH_PATHS = "@executable_path/Frameworks";
				PRODUCT_BUNDLE_IDENTIFIER = "com.tranvias.withads";
				PRODUCT_NAME = "$(TARGET_NAME)";
				TARGETED_DEVICE_FAMILY = "1,2";
				VALIDATE_WORKSPACE = NO;
				FRAMEWORK_SEARCH_PATHS = (
					"$(inherited)",
					"\"Tranvias Coruña/Plugins/cordova-admobsdk\"",
					"\"Tranvias Coruña/Plugins/cordova-admobsdk\"",
					"\"Tranvias Coruña/Plugins/cordova-admobsdk\"",
					"\"Tranvias Coruña/Plugins/cordova-admobsdk\"",
					"\"Tranvias Coruña/Plugins/cordova-admobsdk\"",
					"\"Tranvias Coruña/Plugins/cordova-admobsdk\"",
					"\"Tranvias Coruña/Plugins/cordova-admobsdk\"",
				);
				LIBRARY_SEARCH_PATHS = (
					"$(inherited)",
					"\"$(SRCROOT)/$(TARGET_NAME)/Plugins/cordova-plugin-extension\"",
				);
			};
			name = Debug;
		};
		1D6058950D05DD3E006BFB54 /* Release */ = {
			isa = XCBuildConfiguration;
			baseConfigurationReference = 3047A5101AB8059700498E2A /* build-release.xcconfig */;
			buildSettings = {
				ALWAYS_SEARCH_USER_PATHS = NO;
				ASSETCATALOG_COMPILER_APPICON_NAME = AppIcon;
				CLANG_ENABLE_MODULES = YES;
				CLANG_ENABLE_OBJC_ARC = YES;
				COPY_PHASE_STRIP = YES;
				GCC_PRECOMPILE_PREFIX_HEADER = YES;
				GCC_PREFIX_HEADER = "Tranvias Coruña/Tranvias Coruña-Prefix.pch";
				GCC_THUMB_SUPPORT = NO;
				GCC_VERSION = "";
				INFOPLIST_FILE = "Tranvias Coruña/Tranvias Coruña-Info.plist";
				IPHONEOS_DEPLOYMENT_TARGET = 11.0;
				LD_RUNPATH_SEARCH_PATHS = "@executable_path/Frameworks";
				PRODUCT_BUNDLE_IDENTIFIER = "com.tranvias.withads";
				PRODUCT_NAME = "$(TARGET_NAME)";
				TARGETED_DEVICE_FAMILY = "1,2";
				VALIDATE_WORKSPACE = NO;
				FRAMEWORK_SEARCH_PATHS = (
					"$(inherited)",
					"\"Tranvias Coruña/Plugins/cordova-admobsdk\"",
					"\"Tranvias Coruña/Plugins/cordova-admobsdk\"",
					"\"Tranvias Coruña/Plugins/cordova-admobsdk\"",
					"\"Tranvias Coruña/Plugins/cordova-admobsdk\"",
					"\"Tranvias Coruña/Plugins/cordova-admobsdk\"",
					"\"Tranvias Coruña/Plugins/cordova-admobsdk\"",
					"\"Tranvias Coruña/Plugins/cordova-admobsdk\"",
				);
				LIBRARY_SEARCH_PATHS = (
					"$(inherited)",
					"\"$(SRCROOT)/$(TARGET_NAME)/Plugins/cordova-plugin-extension\"",
				);
			};
			name = Release;
		};
		C01FCF4F08A954540054247B /* Debug */ = {
			isa = XCBuildConfiguration;
			baseConfigurationReference = 3047A5111AB8059700498E2A /* build.xcconfig */;
			buildSettings = {
				CLANG_ANALYZER_LOCALIZABILITY_NONLOCALIZED = YES;
				CLANG_ENABLE_MODULES = YES;
				CLANG_ENABLE_OBJC_ARC = YES;
				CLANG_WARN_BLOCK_CAPTURE_AUTORELEASING = YES;
				CLANG_WARN_BOOL_CONVERSION = YES;
				CLANG_WARN_COMMA = YES;
				CLANG_WARN_CONSTANT_CONVERSION = YES;
				CLANG_WARN_DEPRECATED_OBJC_IMPLEMENTATIONS = YES;
				CLANG_WARN_EMPTY_BODY = YES;
				CLANG_WARN_ENUM_CONVERSION = YES;
				CLANG_WARN_INFINITE_RECURSION = YES;
				CLANG_WARN_INT_CONVERSION = YES;
				CLANG_WARN_NON_LITERAL_NULL_CONVERSION = YES;
				CLANG_WARN_OBJC_IMPLICIT_RETAIN_SELF = YES;
				CLANG_WARN_OBJC_LITERAL_CONVERSION = YES;
				CLANG_WARN_RANGE_LOOP_ANALYSIS = YES;
				CLANG_WARN_STRICT_PROTOTYPES = YES;
				CLANG_WARN_SUSPICIOUS_MOVE = YES;
				CLANG_WARN_UNREACHABLE_CODE = YES;
				CLANG_WARN__DUPLICATE_METHOD_MATCH = YES;
				ENABLE_STRICT_OBJC_MSGSEND = YES;
				ENABLE_TESTABILITY = YES;
				GCC_C_LANGUAGE_STANDARD = c99;
				GCC_NO_COMMON_BLOCKS = YES;
				GCC_THUMB_SUPPORT = NO;
				GCC_VERSION = "";
				GCC_WARN_64_TO_32_BIT_CONVERSION = YES;
				GCC_WARN_ABOUT_RETURN_TYPE = YES;
				GCC_WARN_UNDECLARED_SELECTOR = YES;
				GCC_WARN_UNINITIALIZED_AUTOS = YES;
				GCC_WARN_UNUSED_FUNCTION = YES;
				GCC_WARN_UNUSED_VARIABLE = YES;
				ONLY_ACTIVE_ARCH = YES;
				SDKROOT = iphoneos;
				SKIP_INSTALL = NO;
				WK_WEB_VIEW_ONLY = 1;
				TARGETED_DEVICE_FAMILY = "1,2";
			};
			name = Debug;
		};
		C01FCF5008A954540054247B /* Release */ = {
			isa = XCBuildConfiguration;
			baseConfigurationReference = 3047A5111AB8059700498E2A /* build.xcconfig */;
			buildSettings = {
				CLANG_ANALYZER_LOCALIZABILITY_NONLOCALIZED = YES;
				CLANG_ENABLE_MODULES = YES;
				CLANG_ENABLE_OBJC_ARC = YES;
				CLANG_WARN_BLOCK_CAPTURE_AUTORELEASING = YES;
				CLANG_WARN_BOOL_CONVERSION = YES;
				CLANG_WARN_COMMA = YES;
				CLANG_WARN_CONSTANT_CONVERSION = YES;
				CLANG_WARN_DEPRECATED_OBJC_IMPLEMENTATIONS = YES;
				CLANG_WARN_EMPTY_BODY = YES;
				CLANG_WARN_ENUM_CONVERSION = YES;
				CLANG_WARN_INFINITE_RECURSION = YES;
				CLANG_WARN_INT_CONVERSION = YES;
				CLANG_WARN_NON_LITERAL_NULL_CONVERSION = YES;
				CLANG_WARN_OBJC_IMPLICIT_RETAIN_SELF = YES;
				CLANG_WARN_OBJC_LITERAL_CONVERSION = YES;
				CLANG_WARN_RANGE_LOOP_ANALYSIS = YES;
				CLANG_WARN_STRICT_PROTOTYPES = YES;
				CLANG_WARN_SUSPICIOUS_MOVE = YES;
				CLANG_WARN_UNREACHABLE_CODE = YES;
				CLANG_WARN__DUPLICATE_METHOD_MATCH = YES;
				ENABLE_STRICT_OBJC_MSGSEND = YES;
				GCC_C_LANGUAGE_STANDARD = c99;
				GCC_NO_COMMON_BLOCKS = YES;
				GCC_THUMB_SUPPORT = NO;
				GCC_VERSION = "";
				GCC_WARN_64_TO_32_BIT_CONVERSION = YES;
				GCC_WARN_ABOUT_RETURN_TYPE = YES;
				GCC_WARN_UNDECLARED_SELECTOR = YES;
				GCC_WARN_UNINITIALIZED_AUTOS = YES;
				GCC_WARN_UNUSED_FUNCTION = YES;
				GCC_WARN_UNUSED_VARIABLE = YES;
				SDKROOT = iphoneos;
				SKIP_INSTALL = NO;
				WK_WEB_VIEW_ONLY = 1;
				TARGETED_DEVICE_FAMILY = "1,2";
			};
			name = Release;
		};
/* End XCBuildConfiguration section */

/* Begin XCConfigurationList section */
		1D6058960D05DD3E006BFB54 /* Build configuration list for PBXNativeTarget "Tranvias Coruña" */ = {
			isa = XCConfigurationList;
			buildConfigurations = (
				1D6058940D05DD3E006BFB54 /* Debug */,
				1D6058950D05DD3E006BFB54 /* Release */,
			);
			defaultConfigurationIsVisible = 0;
			defaultConfigurationName = Release;
		};
		C01FCF4E08A954540054247B /* Build configuration list for PBXProject "Tranvias Coruña" */ = {
			isa = XCConfigurationList;
			buildConfigurations = (
				C01FCF4F08A954540054247B /* Debug */,
				C01FCF5008A954540054247B /* Release */,
			);
			defaultConfigurationIsVisible = 0;
			defaultConfigurationName = Release;
		};
/* End XCConfigurationList section */
	};
	rootObject = 29B97313FDCFA39411CA2CEA /* Project object */;
}
