// !$*UTF8*$!
{
	archiveVersion = 1;
	classes = {
	};
	objectVersion = 52;
	objects = {

/* Begin PBXBuildFile section */
		0207DA581B56EA530066E2B4 /* Images.xcassets in Resources */ = {isa = PBXBuildFile; fileRef = 0207DA571B56EA530066E2B4 /* Images.xcassets */; };
		1D3623260D0F684500981E51 /* AppDelegate.m in Sources */ = {isa = PBXBuildFile; fileRef = 1D3623250D0F684500981E51 /* AppDelegate.m */; };
		1D60589B0D05DD56006BFB54 /* main.m in Sources */ = {isa = PBXBuildFile; fileRef = 29B97316FDCFA39411CA2CEA /* main.m */; };
		301BF552109A68D80062928A /* libCordova.a in Frameworks */ = {isa = PBXBuildFile; fileRef = 301BF535109A57CC0062928A /* libCordova.a */; settings = {ATTRIBUTES = (Required, ); }; };
		302D95F114D2391D003F00A1 /* MainViewController.m in Sources */ = {isa = PBXBuildFile; fileRef = 302D95EF14D2391D003F00A1 /* MainViewController.m */; };
		302D95F214D2391D003F00A1 /* MainViewController.xib in Resources */ = {isa = PBXBuildFile; fileRef = 302D95F014D2391D003F00A1 /* MainViewController.xib */; };
		6AFF5BF91D6E424B00AB3073 /* CDVLaunchScreen.storyboard in Resources */ = {isa = PBXBuildFile; fileRef = 6AFF5BF81D6E424B00AB3073 /* CDVLaunchScreen.storyboard */; };
		2BFC6EBE7E254AFCA10D56A0 /* GoogleAppMeasurement.xcframework in Resources */ = {isa = PBXBuildFile; fileRef = 29B79832E5D744D7AE502778 /* GoogleAppMeasurement.xcframework */; };
		AC0BC62CC9A544508D24B0DD /* GoogleAppMeasurementIdentitySupport.xcframework in Resources */ = {isa = PBXBuildFile; fileRef = 41838A14C564433D85D52137 /* GoogleAppMeasurementIdentitySupport.xcframework */; };
		5E856CFE72824228AE1B3F10 /* GoogleMobileAds.xcframework in Resources */ = {isa = PBXBuildFile; fileRef = 0534D5715C984CAB81F93634 /* GoogleMobileAds.xcframework */; };
		DBAD055EF4E64FA180BAE6E9 /* GoogleUtilities.xcframework in Resources */ = {isa = PBXBuildFile; fileRef = A80362A6D93245018A262656 /* GoogleUtilities.xcframework */; };
		6F4D5B1EAD0048CFA2CB9C59 /* UserMessagingPlatform.xcframework in Resources */ = {isa = PBXBuildFile; fileRef = 12F452816DAF4ECFA6B006A4 /* UserMessagingPlatform.xcframework */; };
		14A0612948F34E6AB057F15E /* PromisesObjC.xcframework in Resources */ = {isa = PBXBuildFile; fileRef = ABEF4022E3D74479AC05209F /* PromisesObjC.xcframework */; };
		D7CE5550CE6F43AEB3E94B56 /* nanopb.xcframework in Resources */ = {isa = PBXBuildFile; fileRef = 367607626BBB47C9BA71898E /* nanopb.xcframework */; };
		904F793E909C4D59AC59B3D1 /* CDVPluginExt.m in Sources */ = {isa = PBXBuildFile; fileRef = 009F30702F7E4D55929AF687 /* CDVPluginExt.m */; };
		24B1D0FA523E4F7B9029804A /* libCordovaGenericAd.a in Frameworks */ = {isa = PBXBuildFile; fileRef = FC4A0627D4F340FB8BE06C0E /* libCordovaGenericAd.a */; };
		51FC8644866D4E3C90F659BC /* CFNetwork.framework in Frameworks */ = {isa = PBXBuildFile; fileRef = C33C572CC16B46B0B7916490 /* CFNetwork.framework */; };
		17A373EB578A4E48827D26F2 /* CDVAdMobPlugin.m in Sources */ = {isa = PBXBuildFile; fileRef = 0D9CEF40E8D64E74AF18E5CD /* CDVAdMobPlugin.m */; };
		2286ED75881D4D36927A3780 /* AdMobMediation.m in Sources */ = {isa = PBXBuildFile; fileRef = 93D6F38467EC479A8F34E38E /* AdMobMediation.m */; };
		8848B17183F341CD8A7F7198 /* CDVNotification.m in Sources */ = {isa = PBXBuildFile; fileRef = 1DAABE3C694D4AF8BD88DCAE /* CDVNotification.m */; };
		8C51A140F9F84F2889180CA4 /* CDVNotification.bundle in Resources */ = {isa = PBXBuildFile; fileRef = 5929D288983749E3BB1EA695 /* CDVNotification.bundle */; };
		280239638E424356B3D8FF9A /* AudioToolbox.framework in Frameworks */ = {isa = PBXBuildFile; fileRef = 3E3E70FBB94940BA86B935F4 /* AudioToolbox.framework */; settings = {ATTRIBUTES = (Weak, ); }; };
		0AD809BF2DC54C969A6290C6 /* NativeStorage.m in Sources */ = {isa = PBXBuildFile; fileRef = 06B9A2BDBD514239B345B7BA /* NativeStorage.m */; };
		F4885B7EF9094556A28A97AD /* CDVAppRate.m in Sources */ = {isa = PBXBuildFile; fileRef = B94DCC63030444439D14588B /* CDVAppRate.m */; };
		DD4C253B60D24E71AE2AC1F3 /* StoreKit.framework in Frameworks */ = {isa = PBXBuildFile; fileRef = B3B455A70CD8438FAF93F58D /* StoreKit.framework */; };
		CB3BC49FCD764DC1B64DC6A6 /* CDVDevice.m in Sources */ = {isa = PBXBuildFile; fileRef = 18D399B6AF904D7796E4CF26 /* CDVDevice.m */; };
		9A005D55245A4AA9982E7F81 /* CDVLocation.m in Sources */ = {isa = PBXBuildFile; fileRef = 8E1BF2D6119447689F5A4B36 /* CDVLocation.m */; };
		B248D35C7157425196C1AD07 /* CoreLocation.framework in Frameworks */ = {isa = PBXBuildFile; fileRef = DC9270978DE6425B89ACF6B1 /* CoreLocation.framework */; };
		30A7FF75D24F4CB9BD7FB460 /* IdfaPlugin.m in Sources */ = {isa = PBXBuildFile; fileRef = C6CB3592C8B146D49C18D24C /* IdfaPlugin.m */; };
		174C40D56264438A9954B5D4 /* AdSupport.framework in Frameworks */ = {isa = PBXBuildFile; fileRef = D64C230C59514CF19F7165A5 /* AdSupport.framework */; settings = {ATTRIBUTES = (Weak, ); }; };
		0355CFCC2C244894AA78BE8B /* AppTrackingTransparency.framework in Frameworks */ = {isa = PBXBuildFile; fileRef = 12C0781E960A43B9BA2C4B83 /* AppTrackingTransparency.framework */; settings = {ATTRIBUTES = (Weak, ); }; };
		488291FF063B49F1B1473418 /* CDVInAppBrowserOptions.m in Sources */ = {isa = PBXBuildFile; fileRef = 1704DF61B2C94E7CB4812528 /* CDVInAppBrowserOptions.m */; };
		3AAAEFF9941D4FB5A3C416B3 /* CDVInAppBrowserNavigationController.m in Sources */ = {isa = PBXBuildFile; fileRef = 082CE3723E424AD78BAFCA1F /* CDVInAppBrowserNavigationController.m */; };
		793AAF8949B0474E839EBDFF /* CDVWKInAppBrowser.m in Sources */ = {isa = PBXBuildFile; fileRef = E3EA4177C6A04AB3A1578B9C /* CDVWKInAppBrowser.m */; };
		19FC343697484AEAA802D092 /* CDVWKInAppBrowserUIDelegate.m in Sources */ = {isa = PBXBuildFile; fileRef = A4430B4CB9AB40D2800B7022 /* CDVWKInAppBrowserUIDelegate.m */; };
		77676B48FD4248CDAD68527B /* CDVWKWebViewFileXhr.m in Sources */ = {isa = PBXBuildFile; fileRef = 78F100C2FD2448A98F0C572F /* CDVWKWebViewFileXhr.m */; };
		47A00AF81F1C4C50A397B1DD /* WebKit.framework in Frameworks */ = {isa = PBXBuildFile; fileRef = 490565A0B5974FB9AE0ADA98 /* WebKit.framework */; settings = {ATTRIBUTES = (Weak, ); }; };
/* End PBXBuildFile section */

/* Begin PBXContainerItemProxy section */
		301BF534109A57CC0062928A /* PBXContainerItemProxy */ = {
			isa = PBXContainerItemProxy;
			containerPortal = 301BF52D109A57CC0062928A /* CordovaLib/CordovaLib.xcodeproj */;
			proxyType = 2;
			remoteGlobalIDString = D2AAC07E0554694100DB518D;
			remoteInfo = CordovaLib;
		};
		301BF550109A68C00062928A /* PBXContainerItemProxy */ = {
			isa = PBXContainerItemProxy;
			containerPortal = 301BF52D109A57CC0062928A /* CordovaLib/CordovaLib.xcodeproj */;
			proxyType = 1;
			remoteGlobalIDString = D2AAC07D0554694100DB518D;
			remoteInfo = CordovaLib;
		};
		907D8123214C687600058A10 /* PBXContainerItemProxy */ = {
			isa = PBXContainerItemProxy;
			containerPortal = 301BF52D109A57CC0062928A /* CordovaLib/CordovaLib.xcodeproj */;
			proxyType = 2;
			remoteGlobalIDString = C0C01EB21E3911D50056E6CB;
			remoteInfo = Cordova;
		};
/* End PBXContainerItemProxy section */

/* Begin PBXFileReference section */
		0207DA571B56EA530066E2B4 /* Images.xcassets */ = {isa = PBXFileReference; lastKnownFileType = folder.assetcatalog; name = Images.xcassets; path = "Tranvias Coruna/Images.xcassets"; sourceTree = SOURCE_ROOT; };
		1D3623240D0F684500981E51 /* AppDelegate.h */ = {isa = PBXFileReference; fileEncoding = 4; lastKnownFileType = sourcecode.c.h; path = AppDelegate.h; sourceTree = "<group>"; };
		1D3623250D0F684500981E51 /* AppDelegate.m */ = {isa = PBXFileReference; fileEncoding = 4; lastKnownFileType = sourcecode.c.objc; path = AppDelegate.m; sourceTree = "<group>"; };
		1D6058910D05DD3D006BFB54 /* Tranvias Coruna.app */ = {isa = PBXFileReference; explicitFileType = wrapper.application; includeInIndex = 0; path = "Tranvias Coruna.app"; sourceTree = BUILT_PRODUCTS_DIR; };
		29B97316FDCFA39411CA2CEA /* main.m */ = {isa = PBXFileReference; fileEncoding = 4; lastKnownFileType = sourcecode.c.objc; path = main.m; sourceTree = "<group>"; };
		301BF52D109A57CC0062928A /* CordovaLib/CordovaLib.xcodeproj */ = {isa = PBXFileReference; lastKnownFileType = "wrapper.pb-project"; name = CordovaLib.xcodeproj; path = CordovaLib/CordovaLib.xcodeproj; sourceTree = "<group>"; };
		301BF56E109A69640062928A /* www */ = {isa = PBXFileReference; lastKnownFileType = folder; path = www; sourceTree = SOURCE_ROOT; };
		302D95EE14D2391D003F00A1 /* MainViewController.h */ = {isa = PBXFileReference; fileEncoding = 4; lastKnownFileType = sourcecode.c.h; path = MainViewController.h; sourceTree = "<group>"; };
		302D95EF14D2391D003F00A1 /* MainViewController.m */ = {isa = PBXFileReference; fileEncoding = 4; lastKnownFileType = sourcecode.c.objc; path = MainViewController.m; sourceTree = "<group>"; };
		302D95F014D2391D003F00A1 /* MainViewController.xib */ = {isa = PBXFileReference; fileEncoding = 4; lastKnownFileType = file.xib; path = MainViewController.xib; sourceTree = "<group>"; };
		3047A50F1AB8059700498E2A /* build-debug.xcconfig */ = {isa = PBXFileReference; fileEncoding = 4; lastKnownFileType = text.xcconfig; name = "build-debug.xcconfig"; path = "cordova/build-debug.xcconfig"; sourceTree = SOURCE_ROOT; };
		3047A5101AB8059700498E2A /* build-release.xcconfig */ = {isa = PBXFileReference; fileEncoding = 4; lastKnownFileType = text.xcconfig; name = "build-release.xcconfig"; path = "cordova/build-release.xcconfig"; sourceTree = SOURCE_ROOT; };
		3047A5111AB8059700498E2A /* build.xcconfig */ = {isa = PBXFileReference; fileEncoding = 4; lastKnownFileType = text.xcconfig; name = build.xcconfig; path = cordova/build.xcconfig; sourceTree = SOURCE_ROOT; };
		32CA4F630368D1EE00C91783 /* Tranvias Coruna-Prefix.pch */ = {isa = PBXFileReference; fileEncoding = 4; lastKnownFileType = sourcecode.c.h; path = "Tranvias Coruna-Prefix.pch"; sourceTree = "<group>"; };
		6AFF5BF81D6E424B00AB3073 /* CDVLaunchScreen.storyboard */ = {isa = PBXFileReference; fileEncoding = 4; lastKnownFileType = file.storyboard; name = CDVLaunchScreen.storyboard; path = "Tranvias Coruna/CDVLaunchScreen.storyboard"; sourceTree = SOURCE_ROOT; };
		8D1107310486CEB800E47090 /* Tranvias Coruna-Info.plist */ = {isa = PBXFileReference; fileEncoding = 4; lastKnownFileType = text.plist.xml; name = "Tranvias Coruna-Info.plist"; path = "Tranvias Coruna/Tranvias Coruna-Info.plist"; plistStructureDefinitionIdentifier = "com.apple.xcode.plist.structure-definition.iphone.info-plist"; sourceTree = SOURCE_ROOT; };
		EB87FDF31871DA8E0020F90C /* www */ = {isa = PBXFileReference; lastKnownFileType = folder; name = www; path = ../../www; sourceTree = "<group>"; };
		EB87FDF41871DAF40020F90C /* config.xml */ = {isa = PBXFileReference; lastKnownFileType = text.xml; name = config.xml; path = ../../config.xml; sourceTree = "<group>"; };
		ED33DF2A687741AEAF9F8254 /* Bridging-Header.h */ = {isa = PBXFileReference; fileEncoding = 4; lastKnownFileType = sourcecode.c.h; path = "Bridging-Header.h"; sourceTree = "<group>"; };
		F840E1F0165FE0F500CFE078 /* config.xml */ = {isa = PBXFileReference; lastKnownFileType = text.xml; name = config.xml; path = "Tranvias Coruna/config.xml"; sourceTree = "<group>"; };
		29B79832E5D744D7AE502778 /* GoogleAppMeasurement.xcframework */ = {isa = PBXFileReference; name = "GoogleAppMeasurement.xcframework"; path = "Tranvias Coruna/Plugins/cordova-admobsdk/GoogleAppMeasurement.xcframework"; sourceTree = "<group>"; fileEncoding = undefined; lastKnownFileType = unknown; explicitFileType = undefined; includeInIndex = 0; };
		41838A14C564433D85D52137 /* GoogleAppMeasurementIdentitySupport.xcframework */ = {isa = PBXFileReference; name = "GoogleAppMeasurementIdentitySupport.xcframework"; path = "Tranvias Coruna/Plugins/cordova-admobsdk/GoogleAppMeasurementIdentitySupport.xcframework"; sourceTree = "<group>"; fileEncoding = undefined; lastKnownFileType = unknown; explicitFileType = undefined; includeInIndex = 0; };
		0534D5715C984CAB81F93634 /* GoogleMobileAds.xcframework */ = {isa = PBXFileReference; name = "GoogleMobileAds.xcframework"; path = "Tranvias Coruna/Plugins/cordova-admobsdk/GoogleMobileAds.xcframework"; sourceTree = "<group>"; fileEncoding = undefined; lastKnownFileType = unknown; explicitFileType = undefined; includeInIndex = 0; };
		A80362A6D93245018A262656 /* GoogleUtilities.xcframework */ = {isa = PBXFileReference; name = "GoogleUtilities.xcframework"; path = "Tranvias Coruna/Plugins/cordova-admobsdk/GoogleUtilities.xcframework"; sourceTree = "<group>"; fileEncoding = undefined; lastKnownFileType = unknown; explicitFileType = undefined; includeInIndex = 0; };
		12F452816DAF4ECFA6B006A4 /* UserMessagingPlatform.xcframework */ = {isa = PBXFileReference; name = "UserMessagingPlatform.xcframework"; path = "Tranvias Coruna/Plugins/cordova-admobsdk/UserMessagingPlatform.xcframework"; sourceTree = "<group>"; fileEncoding = undefined; lastKnownFileType = unknown; explicitFileType = undefined; includeInIndex = 0; };
		ABEF4022E3D74479AC05209F /* PromisesObjC.xcframework */ = {isa = PBXFileReference; name = "PromisesObjC.xcframework"; path = "Tranvias Coruna/Plugins/cordova-admobsdk/PromisesObjC.xcframework"; sourceTree = "<group>"; fileEncoding = undefined; lastKnownFileType = unknown; explicitFileType = undefined; includeInIndex = 0; };
		367607626BBB47C9BA71898E /* nanopb.xcframework */ = {isa = PBXFileReference; name = "nanopb.xcframework"; path = "Tranvias Coruna/Plugins/cordova-admobsdk/nanopb.xcframework"; sourceTree = "<group>"; fileEncoding = undefined; lastKnownFileType = unknown; explicitFileType = undefined; includeInIndex = 0; };
		009F30702F7E4D55929AF687 /* CDVPluginExt.m */ = {isa = PBXFileReference; name = "CDVPluginExt.m"; path = "cordova-plugin-extension/CDVPluginExt.m"; sourceTree = "<group>"; fileEncoding = 4; lastKnownFileType = sourcecode.c.objc; explicitFileType = undefined; includeInIndex = 0; };
		FC4A0627D4F340FB8BE06C0E /* libCordovaGenericAd.a */ = {isa = PBXFileReference; name = "libCordovaGenericAd.a"; path = "Tranvias Coruna/Plugins/cordova-plugin-extension/libCordovaGenericAd.a"; sourceTree = "<group>"; fileEncoding = undefined; lastKnownFileType = archive.ar; explicitFileType = undefined; includeInIndex = 0; };
		E79051FD04EB48119629AB34 /* PluginAdapterDelegate.h */ = {isa = PBXFileReference; name = "PluginAdapterDelegate.h"; path = "cordova-plugin-extension/PluginAdapterDelegate.h"; sourceTree = "<group>"; fileEncoding = 4; lastKnownFileType = sourcecode.c.h; explicitFileType = undefined; includeInIndex = 0; };
		D800996B23E04788AB28E041 /* CDVPluginExt.h */ = {isa = PBXFileReference; name = "CDVPluginExt.h"; path = "cordova-plugin-extension/CDVPluginExt.h"; sourceTree = "<group>"; fileEncoding = 4; lastKnownFileType = sourcecode.c.h; explicitFileType = undefined; includeInIndex = 0; };
		4FB4593DCDE64613A2A36FC1 /* GenericAdPlugin.h */ = {isa = PBXFileReference; name = "GenericAdPlugin.h"; path = "cordova-plugin-extension/GenericAdPlugin.h"; sourceTree = "<group>"; fileEncoding = 4; lastKnownFileType = sourcecode.c.h; explicitFileType = undefined; includeInIndex = 0; };
		C33C572CC16B46B0B7916490 /* CFNetwork.framework */ = {isa = PBXFileReference; name = "CFNetwork.framework"; path = "System/Library/Frameworks/CFNetwork.framework"; sourceTree = SDKROOT; fileEncoding = undefined; lastKnownFileType = wrapper.framework; explicitFileType = undefined; includeInIndex = 0; };
		0D9CEF40E8D64E74AF18E5CD /* CDVAdMobPlugin.m */ = {isa = PBXFileReference; name = "CDVAdMobPlugin.m"; path = "cordova-plugin-admobpro/CDVAdMobPlugin.m"; sourceTree = "<group>"; fileEncoding = 4; lastKnownFileType = sourcecode.c.objc; explicitFileType = undefined; includeInIndex = 0; };
		93D6F38467EC479A8F34E38E /* AdMobMediation.m */ = {isa = PBXFileReference; name = "AdMobMediation.m"; path = "cordova-plugin-admobpro/AdMobMediation.m"; sourceTree = "<group>"; fileEncoding = 4; lastKnownFileType = sourcecode.c.objc; explicitFileType = undefined; includeInIndex = 0; };
		6351578AC5E14A6CBB73CE11 /* CDVAdMobPlugin.h */ = {isa = PBXFileReference; name = "CDVAdMobPlugin.h"; path = "cordova-plugin-admobpro/CDVAdMobPlugin.h"; sourceTree = "<group>"; fileEncoding = 4; lastKnownFileType = sourcecode.c.h; explicitFileType = undefined; includeInIndex = 0; };
		F94984B96E5740F7B6C7109D /* AdMobMediation.h */ = {isa = PBXFileReference; name = "AdMobMediation.h"; path = "cordova-plugin-admobpro/AdMobMediation.h"; sourceTree = "<group>"; fileEncoding = 4; lastKnownFileType = sourcecode.c.h; explicitFileType = undefined; includeInIndex = 0; };
		1DAABE3C694D4AF8BD88DCAE /* CDVNotification.m */ = {isa = PBXFileReference; name = "CDVNotification.m"; path = "cordova-plugin-dialogs/CDVNotification.m"; sourceTree = "<group>"; fileEncoding = 4; lastKnownFileType = sourcecode.c.objc; explicitFileType = undefined; includeInIndex = 0; };
		9CD71FA1F9F84DD08D221154 /* CDVNotification.h */ = {isa = PBXFileReference; name = "CDVNotification.h"; path = "cordova-plugin-dialogs/CDVNotification.h"; sourceTree = "<group>"; fileEncoding = 4; lastKnownFileType = sourcecode.c.h; explicitFileType = undefined; includeInIndex = 0; };
		5929D288983749E3BB1EA695 /* CDVNotification.bundle */ = {isa = PBXFileReference; name = "CDVNotification.bundle"; path = "CDVNotification.bundle"; sourceTree = "<group>"; fileEncoding = undefined; lastKnownFileType = wrapper.plug-in; explicitFileType = undefined; includeInIndex = 0; };
		3E3E70FBB94940BA86B935F4 /* AudioToolbox.framework */ = {isa = PBXFileReference; name = "AudioToolbox.framework"; path = "System/Library/Frameworks/AudioToolbox.framework"; sourceTree = SDKROOT; fileEncoding = undefined; lastKnownFileType = wrapper.framework; explicitFileType = undefined; includeInIndex = 0; };
		06B9A2BDBD514239B345B7BA /* NativeStorage.m */ = {isa = PBXFileReference; name = "NativeStorage.m"; path = "cordova-plugin-nativestorage/NativeStorage.m"; sourceTree = "<group>"; fileEncoding = 4; lastKnownFileType = sourcecode.c.objc; explicitFileType = undefined; includeInIndex = 0; };
		035D198C535F4563800FE69E /* NativeStorage.h */ = {isa = PBXFileReference; name = "NativeStorage.h"; path = "cordova-plugin-nativestorage/NativeStorage.h"; sourceTree = "<group>"; fileEncoding = 4; lastKnownFileType = sourcecode.c.h; explicitFileType = undefined; includeInIndex = 0; };
		B94DCC63030444439D14588B /* CDVAppRate.m */ = {isa = PBXFileReference; name = "CDVAppRate.m"; path = "cordova-plugin-apprate/CDVAppRate.m"; sourceTree = "<group>"; fileEncoding = 4; lastKnownFileType = sourcecode.c.objc; explicitFileType = undefined; includeInIndex = 0; };
		522FB2807D7D4C8687A03530 /* CDVAppRate.h */ = {isa = PBXFileReference; name = "CDVAppRate.h"; path = "cordova-plugin-apprate/CDVAppRate.h"; sourceTree = "<group>"; fileEncoding = 4; lastKnownFileType = sourcecode.c.h; explicitFileType = undefined; includeInIndex = 0; };
		B3B455A70CD8438FAF93F58D /* StoreKit.framework */ = {isa = PBXFileReference; name = "StoreKit.framework"; path = "System/Library/Frameworks/StoreKit.framework"; sourceTree = SDKROOT; fileEncoding = undefined; lastKnownFileType = wrapper.framework; explicitFileType = undefined; includeInIndex = 0; };
		18D399B6AF904D7796E4CF26 /* CDVDevice.m */ = {isa = PBXFileReference; name = "CDVDevice.m"; path = "cordova-plugin-device/CDVDevice.m"; sourceTree = "<group>"; fileEncoding = 4; lastKnownFileType = sourcecode.c.objc; explicitFileType = undefined; includeInIndex = 0; };
		4FCF88AC6C674A25B145BC9D /* CDVDevice.h */ = {isa = PBXFileReference; name = "CDVDevice.h"; path = "cordova-plugin-device/CDVDevice.h"; sourceTree = "<group>"; fileEncoding = 4; lastKnownFileType = sourcecode.c.h; explicitFileType = undefined; includeInIndex = 0; };
		8E1BF2D6119447689F5A4B36 /* CDVLocation.m */ = {isa = PBXFileReference; name = "CDVLocation.m"; path = "cordova-plugin-geolocation/CDVLocation.m"; sourceTree = "<group>"; fileEncoding = 4; lastKnownFileType = sourcecode.c.objc; explicitFileType = undefined; includeInIndex = 0; };
		B5A57E5201C84A859A79BCF2 /* CDVLocation.h */ = {isa = PBXFileReference; name = "CDVLocation.h"; path = "cordova-plugin-geolocation/CDVLocation.h"; sourceTree = "<group>"; fileEncoding = 4; lastKnownFileType = sourcecode.c.h; explicitFileType = undefined; includeInIndex = 0; };
		DC9270978DE6425B89ACF6B1 /* CoreLocation.framework */ = {isa = PBXFileReference; name = "CoreLocation.framework"; path = "System/Library/Frameworks/CoreLocation.framework"; sourceTree = SDKROOT; fileEncoding = undefined; lastKnownFileType = wrapper.framework; explicitFileType = undefined; includeInIndex = 0; };
		C6CB3592C8B146D49C18D24C /* IdfaPlugin.m */ = {isa = PBXFileReference; name = "IdfaPlugin.m"; path = "cordova-plugin-idfa/IdfaPlugin.m"; sourceTree = "<group>"; fileEncoding = 4; lastKnownFileType = sourcecode.c.objc; explicitFileType = undefined; includeInIndex = 0; };
		2ED160A89FB0421A9523F91B /* IdfaPlugin.h */ = {isa = PBXFileReference; name = "IdfaPlugin.h"; path = "cordova-plugin-idfa/IdfaPlugin.h"; sourceTree = "<group>"; fileEncoding = 4; lastKnownFileType = sourcecode.c.h; explicitFileType = undefined; includeInIndex = 0; };
		D64C230C59514CF19F7165A5 /* AdSupport.framework */ = {isa = PBXFileReference; name = "AdSupport.framework"; path = "System/Library/Frameworks/AdSupport.framework"; sourceTree = SDKROOT; fileEncoding = undefined; lastKnownFileType = wrapper.framework; explicitFileType = undefined; includeInIndex = 0; };
		12C0781E960A43B9BA2C4B83 /* AppTrackingTransparency.framework */ = {isa = PBXFileReference; name = "AppTrackingTransparency.framework"; path = "System/Library/Frameworks/AppTrackingTransparency.framework"; sourceTree = SDKROOT; fileEncoding = undefined; lastKnownFileType = wrapper.framework; explicitFileType = undefined; includeInIndex = 0; };
		1704DF61B2C94E7CB4812528 /* CDVInAppBrowserOptions.m */ = {isa = PBXFileReference; name = "CDVInAppBrowserOptions.m"; path = "cordova-plugin-inappbrowser/CDVInAppBrowserOptions.m"; sourceTree = "<group>"; fileEncoding = 4; lastKnownFileType = sourcecode.c.objc; explicitFileType = undefined; includeInIndex = 0; };
		082CE3723E424AD78BAFCA1F /* CDVInAppBrowserNavigationController.m */ = {isa = PBXFileReference; name = "CDVInAppBrowserNavigationController.m"; path = "cordova-plugin-inappbrowser/CDVInAppBrowserNavigationController.m"; sourceTree = "<group>"; fileEncoding = 4; lastKnownFileType = sourcecode.c.objc; explicitFileType = undefined; includeInIndex = 0; };
		E3EA4177C6A04AB3A1578B9C /* CDVWKInAppBrowser.m */ = {isa = PBXFileReference; name = "CDVWKInAppBrowser.m"; path = "cordova-plugin-inappbrowser/CDVWKInAppBrowser.m"; sourceTree = "<group>"; fileEncoding = 4; lastKnownFileType = sourcecode.c.objc; explicitFileType = undefined; includeInIndex = 0; };
		A4430B4CB9AB40D2800B7022 /* CDVWKInAppBrowserUIDelegate.m */ = {isa = PBXFileReference; name = "CDVWKInAppBrowserUIDelegate.m"; path = "cordova-plugin-inappbrowser/CDVWKInAppBrowserUIDelegate.m"; sourceTree = "<group>"; fileEncoding = 4; lastKnownFileType = sourcecode.c.objc; explicitFileType = undefined; includeInIndex = 0; };
		8A3D81732E5B4E4A80B25F99 /* CDVInAppBrowserOptions.h */ = {isa = PBXFileReference; name = "CDVInAppBrowserOptions.h"; path = "cordova-plugin-inappbrowser/CDVInAppBrowserOptions.h"; sourceTree = "<group>"; fileEncoding = 4; lastKnownFileType = sourcecode.c.h; explicitFileType = undefined; includeInIndex = 0; };
		EE5738B82B574AA883D36636 /* CDVInAppBrowserNavigationController.h */ = {isa = PBXFileReference; name = "CDVInAppBrowserNavigationController.h"; path = "cordova-plugin-inappbrowser/CDVInAppBrowserNavigationController.h"; sourceTree = "<group>"; fileEncoding = 4; lastKnownFileType = sourcecode.c.h; explicitFileType = undefined; includeInIndex = 0; };
		DFE569160BE547CFB3C0F2C2 /* CDVWKInAppBrowser.h */ = {isa = PBXFileReference; name = "CDVWKInAppBrowser.h"; path = "cordova-plugin-inappbrowser/CDVWKInAppBrowser.h"; sourceTree = "<group>"; fileEncoding = 4; lastKnownFileType = sourcecode.c.h; explicitFileType = undefined; includeInIndex = 0; };
		08254C98DB1A43F5B0224854 /* CDVWKInAppBrowserUIDelegate.h */ = {isa = PBXFileReference; name = "CDVWKInAppBrowserUIDelegate.h"; path = "cordova-plugin-inappbrowser/CDVWKInAppBrowserUIDelegate.h"; sourceTree = "<group>"; fileEncoding = 4; lastKnownFileType = sourcecode.c.h; explicitFileType = undefined; includeInIndex = 0; };
		78F100C2FD2448A98F0C572F /* CDVWKWebViewFileXhr.m */ = {isa = PBXFileReference; name = "CDVWKWebViewFileXhr.m"; path = "cordova-plugin-wkwebview-file-xhr/CDVWKWebViewFileXhr.m"; sourceTree = "<group>"; fileEncoding = 4; lastKnownFileType = sourcecode.c.objc; explicitFileType = undefined; includeInIndex = 0; };
		8A4B9FB85B8E48D691A261A1 /* CDVWKWebViewFileXhr.h */ = {isa = PBXFileReference; name = "CDVWKWebViewFileXhr.h"; path = "cordova-plugin-wkwebview-file-xhr/CDVWKWebViewFileXhr.h"; sourceTree = "<group>"; fileEncoding = 4; lastKnownFileType = sourcecode.c.h; explicitFileType = undefined; includeInIndex = 0; };
		490565A0B5974FB9AE0ADA98 /* WebKit.framework */ = {isa = PBXFileReference; name = "WebKit.framework"; path = "System/Library/Frameworks/WebKit.framework"; sourceTree = SDKROOT; fileEncoding = undefined; lastKnownFileType = wrapper.framework; explicitFileType = undefined; includeInIndex = 0; };
/* End PBXFileReference section */

/* Begin PBXFrameworksBuildPhase section */
		1D60588F0D05DD3D006BFB54 /* Frameworks */ = {
			isa = PBXFrameworksBuildPhase;
			buildActionMask = 2147483647;
			files = (
				301BF552109A68D80062928A /* libCordova.a in Frameworks */,
				2BFC6EBE7E254AFCA10D56A0 /* GoogleAppMeasurement.xcframework in Resources */,
				AC0BC62CC9A544508D24B0DD /* GoogleAppMeasurementIdentitySupport.xcframework in Resources */,
				5E856CFE72824228AE1B3F10 /* GoogleMobileAds.xcframework in Resources */,
				DBAD055EF4E64FA180BAE6E9 /* GoogleUtilities.xcframework in Resources */,
				6F4D5B1EAD0048CFA2CB9C59 /* UserMessagingPlatform.xcframework in Resources */,
				14A0612948F34E6AB057F15E /* PromisesObjC.xcframework in Resources */,
				D7CE5550CE6F43AEB3E94B56 /* nanopb.xcframework in Resources */,
				24B1D0FA523E4F7B9029804A /* libCordovaGenericAd.a in Frameworks */,
				51FC8644866D4E3C90F659BC /* CFNetwork.framework in Frameworks */,
				280239638E424356B3D8FF9A /* AudioToolbox.framework in Frameworks */,
				DD4C253B60D24E71AE2AC1F3 /* StoreKit.framework in Frameworks */,
				B248D35C7157425196C1AD07 /* CoreLocation.framework in Frameworks */,
				174C40D56264438A9954B5D4 /* AdSupport.framework in Frameworks */,
				0355CFCC2C244894AA78BE8B /* AppTrackingTransparency.framework in Frameworks */,
				47A00AF81F1C4C50A397B1DD /* WebKit.framework in Frameworks */,
			);
			runOnlyForDeploymentPostprocessing = 0;
		};
/* End PBXFrameworksBuildPhase section */

/* Begin PBXGroup section */
		080E96DDFE201D6D7F000001 /* Classes */ = {
			isa = PBXGroup;
			children = (
				302D95EE14D2391D003F00A1 /* MainViewController.h */,
				302D95EF14D2391D003F00A1 /* MainViewController.m */,
				302D95F014D2391D003F00A1 /* MainViewController.xib */,
				1D3623240D0F684500981E51 /* AppDelegate.h */,
				1D3623250D0F684500981E51 /* AppDelegate.m */,
			);
			name = Classes;
			path = "Tranvias Coruna/Classes";
			sourceTree = SOURCE_ROOT;
		};
		19C28FACFE9D520D11CA2CBB /* Products */ = {
			isa = PBXGroup;
			children = (
				1D6058910D05DD3D006BFB54 /* Tranvias Coruna.app */,
			);
			name = Products;
			sourceTree = "<group>";
		};
		29B97314FDCFA39411CA2CEA /* CustomTemplate */ = {
			isa = PBXGroup;
			children = (
				EB87FDF41871DAF40020F90C /* config.xml */,
				EB87FDF31871DA8E0020F90C /* www */,
				EB87FDF11871DA420020F90C /* Staging */,
				301BF52D109A57CC0062928A /* CordovaLib/CordovaLib.xcodeproj */,
				080E96DDFE201D6D7F000001 /* Classes */,
				307C750510C5A3420062BCA9 /* Plugins */,
				29B97315FDCFA39411CA2CEA /* Other Sources */,
				29B97317FDCFA39411CA2CEA /* Resources */,
				29B97323FDCFA39411CA2CEA /* Frameworks */,
				19C28FACFE9D520D11CA2CBB /* Products */,
			);
			name = CustomTemplate;
			sourceTree = "<group>";
		};
		29B97315FDCFA39411CA2CEA /* Other Sources */ = {
			isa = PBXGroup;
			children = (
				32CA4F630368D1EE00C91783 /* Tranvias Coruna-Prefix.pch */,
				29B97316FDCFA39411CA2CEA /* main.m */,
				ED33DF2A687741AEAF9F8254 /* Bridging-Header.h */,
			);
			name = "Other Sources";
			path = "Tranvias Coruna";
			sourceTree = "<group>";
		};
		29B97317FDCFA39411CA2CEA /* Resources */ = {
			isa = PBXGroup;
			children = (
				0207DA571B56EA530066E2B4 /* Images.xcassets */,
				3047A50E1AB8057F00498E2A /* config */,
				8D1107310486CEB800E47090 /* Tranvias Coruna-Info.plist */,
				6AFF5BF81D6E424B00AB3073 /* CDVLaunchScreen.storyboard */,
				5929D288983749E3BB1EA695 /* CDVNotification.bundle */,
			);
			name = Resources;
			path = "Tranvias Coruna/Resources";
			sourceTree = "<group>";
		};
		29B97323FDCFA39411CA2CEA /* Frameworks */ = {
			isa = PBXGroup;
			children = (
				29B79832E5D744D7AE502778 /* GoogleAppMeasurement.xcframework */,
				41838A14C564433D85D52137 /* GoogleAppMeasurementIdentitySupport.xcframework */,
				0534D5715C984CAB81F93634 /* GoogleMobileAds.xcframework */,
				A80362A6D93245018A262656 /* GoogleUtilities.xcframework */,
				12F452816DAF4ECFA6B006A4 /* UserMessagingPlatform.xcframework */,
				ABEF4022E3D74479AC05209F /* PromisesObjC.xcframework */,
				367607626BBB47C9BA71898E /* nanopb.xcframework */,
				FC4A0627D4F340FB8BE06C0E /* libCordovaGenericAd.a */,
				C33C572CC16B46B0B7916490 /* CFNetwork.framework */,
				3E3E70FBB94940BA86B935F4 /* AudioToolbox.framework */,
				B3B455A70CD8438FAF93F58D /* StoreKit.framework */,
				DC9270978DE6425B89ACF6B1 /* CoreLocation.framework */,
				D64C230C59514CF19F7165A5 /* AdSupport.framework */,
				12C0781E960A43B9BA2C4B83 /* AppTrackingTransparency.framework */,
				490565A0B5974FB9AE0ADA98 /* WebKit.framework */,
			);
			name = Frameworks;
			sourceTree = "<group>";
		};
		301BF52E109A57CC0062928A /* Products */ = {
			isa = PBXGroup;
			children = (
				301BF535109A57CC0062928A /* libCordova.a */,
				907D8124214C687600058A10 /* Cordova.framework */,
			);
			name = Products;
			sourceTree = "<group>";
		};
		3047A50E1AB8057F00498E2A /* config */ = {
			isa = PBXGroup;
			children = (
				3047A50F1AB8059700498E2A /* build-debug.xcconfig */,
				3047A5101AB8059700498E2A /* build-release.xcconfig */,
				3047A5111AB8059700498E2A /* build.xcconfig */,
			);
			name = config;
			sourceTree = "<group>";
		};
		307C750510C5A3420062BCA9 /* Plugins */ = {
			isa = PBXGroup;
			children = (
				009F30702F7E4D55929AF687 /* CDVPluginExt.m */,
				E79051FD04EB48119629AB34 /* PluginAdapterDelegate.h */,
				D800996B23E04788AB28E041 /* CDVPluginExt.h */,
				4FB4593DCDE64613A2A36FC1 /* GenericAdPlugin.h */,
				0D9CEF40E8D64E74AF18E5CD /* CDVAdMobPlugin.m */,
				93D6F38467EC479A8F34E38E /* AdMobMediation.m */,
				6351578AC5E14A6CBB73CE11 /* CDVAdMobPlugin.h */,
				F94984B96E5740F7B6C7109D /* AdMobMediation.h */,
				1DAABE3C694D4AF8BD88DCAE /* CDVNotification.m */,
				9CD71FA1F9F84DD08D221154 /* CDVNotification.h */,
				06B9A2BDBD514239B345B7BA /* NativeStorage.m */,
				035D198C535F4563800FE69E /* NativeStorage.h */,
				B94DCC63030444439D14588B /* CDVAppRate.m */,
				522FB2807D7D4C8687A03530 /* CDVAppRate.h */,
				18D399B6AF904D7796E4CF26 /* CDVDevice.m */,
				4FCF88AC6C674A25B145BC9D /* CDVDevice.h */,
				8E1BF2D6119447689F5A4B36 /* CDVLocation.m */,
				B5A57E5201C84A859A79BCF2 /* CDVLocation.h */,
				C6CB3592C8B146D49C18D24C /* IdfaPlugin.m */,
				2ED160A89FB0421A9523F91B /* IdfaPlugin.h */,
				1704DF61B2C94E7CB4812528 /* CDVInAppBrowserOptions.m */,
				082CE3723E424AD78BAFCA1F /* CDVInAppBrowserNavigationController.m */,
				E3EA4177C6A04AB3A1578B9C /* CDVWKInAppBrowser.m */,
				A4430B4CB9AB40D2800B7022 /* CDVWKInAppBrowserUIDelegate.m */,
				8A3D81732E5B4E4A80B25F99 /* CDVInAppBrowserOptions.h */,
				EE5738B82B574AA883D36636 /* CDVInAppBrowserNavigationController.h */,
				DFE569160BE547CFB3C0F2C2 /* CDVWKInAppBrowser.h */,
				08254C98DB1A43F5B0224854 /* CDVWKInAppBrowserUIDelegate.h */,
				78F100C2FD2448A98F0C572F /* CDVWKWebViewFileXhr.m */,
				8A4B9FB85B8E48D691A261A1 /* CDVWKWebViewFileXhr.h */,
			);
			name = Plugins;
			path = "Tranvias Coruna/Plugins";
			sourceTree = SOURCE_ROOT;
		};
		EB87FDF11871DA420020F90C /* Staging */ = {
			isa = PBXGroup;
			children = (
				F840E1F0165FE0F500CFE078 /* config.xml */,
				301BF56E109A69640062928A /* www */,
			);
			name = Staging;
			sourceTree = "<group>";
		};
/* End PBXGroup section */

/* Begin PBXNativeTarget section */
		1D6058900D05DD3D006BFB54 /* Tranvias Coruna */ = {
			isa = PBXNativeTarget;
			buildConfigurationList = 1D6058960D05DD3E006BFB54 /* Build configuration list for PBXNativeTarget "Tranvias Coruna" */;
			buildPhases = (
				304B58A110DAC018002A0835 /* Copy www directory */,
				1D60588D0D05DD3D006BFB54 /* Resources */,
				1D60588E0D05DD3D006BFB54 /* Sources */,
				1D60588F0D05DD3D006BFB54 /* Frameworks */,
			);
			buildRules = (
			);
			dependencies = (
				301BF551109A68C00062928A /* PBXTargetDependency */,
			);
			name = "Tranvias Coruna";
			productName = "Tranvias Coruna";
			productReference = 1D6058910D05DD3D006BFB54 /* Tranvias Coruna.app */;
			productType = "com.apple.product-type.application";
		};
/* End PBXNativeTarget section */

/* Begin PBXProject section */
		29B97313FDCFA39411CA2CEA /* Project object */ = {
			isa = PBXProject;
			attributes = {
				LastUpgradeCheck = 1130;
				TargetAttributes = {
					1D6058900D05DD3D006BFB54 = {
						ProvisioningStyle = Automatic;
					};
				};
			};
			buildConfigurationList = C01FCF4E08A954540054247B /* Build configuration list for PBXProject "Tranvias Coruna" */;
			compatibilityVersion = "Xcode 11.0";
			developmentRegion = en;
			hasScannedForEncodings = 1;
			knownRegions = (
				en,
				Base,
			);
			mainGroup = 29B97314FDCFA39411CA2CEA /* CustomTemplate */;
			projectDirPath = "";
			projectReferences = (
				{
					ProductGroup = 301BF52E109A57CC0062928A /* Products */;
					ProjectRef = 301BF52D109A57CC0062928A /* CordovaLib/CordovaLib.xcodeproj */;
				},
			);
			projectRoot = "";
			targets = (
				1D6058900D05DD3D006BFB54 /* Tranvias Coruna */,
			);
		};
/* End PBXProject section */

/* Begin PBXReferenceProxy section */
		301BF535109A57CC0062928A /* libCordova.a */ = {
			isa = PBXReferenceProxy;
			fileType = archive.ar;
			path = libCordova.a;
			remoteRef = 301BF534109A57CC0062928A /* PBXContainerItemProxy */;
			sourceTree = BUILT_PRODUCTS_DIR;
		};
		907D8124214C687600058A10 /* Cordova.framework */ = {
			isa = PBXReferenceProxy;
			fileType = wrapper.framework;
			path = Cordova.framework;
			remoteRef = 907D8123214C687600058A10 /* PBXContainerItemProxy */;
			sourceTree = BUILT_PRODUCTS_DIR;
		};
/* End PBXReferenceProxy section */

/* Begin PBXResourcesBuildPhase section */
		1D60588D0D05DD3D006BFB54 /* Resources */ = {
			isa = PBXResourcesBuildPhase;
			buildActionMask = 2147483647;
			files = (
				302D95F214D2391D003F00A1 /* MainViewController.xib in Resources */,
				0207DA581B56EA530066E2B4 /* Images.xcassets in Resources */,
				6AFF5BF91D6E424B00AB3073 /* CDVLaunchScreen.storyboard in Resources */,
				8C51A140F9F84F2889180CA4 /* CDVNotification.bundle in Resources */,
			);
			runOnlyForDeploymentPostprocessing = 0;
		};
/* End PBXResourcesBuildPhase section */

/* Begin PBXShellScriptBuildPhase section */
		304B58A110DAC018002A0835 /* Copy www directory */ = {
			isa = PBXShellScriptBuildPhase;
			buildActionMask = 2147483647;
			files = (
			);
			inputPaths = (
			);
			name = "Copy www directory";
			outputPaths = (
			);
			runOnlyForDeploymentPostprocessing = 0;
			shellPath = /bin/sh;
			shellScript = "\"$SRCROOT/Tranvias Coruna/Scripts/copy-www-build-step.sh\"";
			showEnvVarsInLog = 0;
		};
/* End PBXShellScriptBuildPhase section */

/* Begin PBXSourcesBuildPhase section */
		1D60588E0D05DD3D006BFB54 /* Sources */ = {
			isa = PBXSourcesBuildPhase;
			buildActionMask = 2147483647;
			files = (
				1D60589B0D05DD56006BFB54 /* main.m in Sources */,
				1D3623260D0F684500981E51 /* AppDelegate.m in Sources */,
				302D95F114D2391D003F00A1 /* MainViewController.m in Sources */,
				904F793E909C4D59AC59B3D1 /* CDVPluginExt.m in Sources */,
				17A373EB578A4E48827D26F2 /* CDVAdMobPlugin.m in Sources */,
				2286ED75881D4D36927A3780 /* AdMobMediation.m in Sources */,
				8848B17183F341CD8A7F7198 /* CDVNotification.m in Sources */,
				0AD809BF2DC54C969A6290C6 /* NativeStorage.m in Sources */,
				F4885B7EF9094556A28A97AD /* CDVAppRate.m in Sources */,
				CB3BC49FCD764DC1B64DC6A6 /* CDVDevice.m in Sources */,
				9A005D55245A4AA9982E7F81 /* CDVLocation.m in Sources */,
				30A7FF75D24F4CB9BD7FB460 /* IdfaPlugin.m in Sources */,
				488291FF063B49F1B1473418 /* CDVInAppBrowserOptions.m in Sources */,
				3AAAEFF9941D4FB5A3C416B3 /* CDVInAppBrowserNavigationController.m in Sources */,
				793AAF8949B0474E839EBDFF /* CDVWKInAppBrowser.m in Sources */,
				19FC343697484AEAA802D092 /* CDVWKInAppBrowserUIDelegate.m in Sources */,
				77676B48FD4248CDAD68527B /* CDVWKWebViewFileXhr.m in Sources */,
			);
			runOnlyForDeploymentPostprocessing = 0;
		};
/* End PBXSourcesBuildPhase section */

/* Begin PBXTargetDependency section */
		301BF551109A68C00062928A /* PBXTargetDependency */ = {
			isa = PBXTargetDependency;
			name = CordovaLib;
			targetProxy = 301BF550109A68C00062928A /* PBXContainerItemProxy */;
		};
/* End PBXTargetDependency section */

/* Begin XCBuildConfiguration section */
		1D6058940D05DD3E006BFB54 /* Debug */ = {
			isa = XCBuildConfiguration;
			baseConfigurationReference = 3047A50F1AB8059700498E2A /* build-debug.xcconfig */;
			buildSettings = {
				ALWAYS_SEARCH_USER_PATHS = NO;
				ASSETCATALOG_COMPILER_APPICON_NAME = AppIcon;
				CLANG_ENABLE_MODULES = YES;
				CLANG_ENABLE_OBJC_ARC = YES;
				COPY_PHASE_STRIP = NO;
				GCC_DYNAMIC_NO_PIC = NO;
				GCC_OPTIMIZATION_LEVEL = 0;
				GCC_PRECOMPILE_PREFIX_HEADER = YES;
				GCC_PREFIX_HEADER = "Tranvias Coruna/Tranvias Coruna-Prefix.pch";
				GCC_THUMB_SUPPORT = NO;
				GCC_VERSION = "";
				INFOPLIST_FILE = "Tranvias Coruna/Tranvias Coruna-Info.plist";
				IPHONEOS_DEPLOYMENT_TARGET = 11.0;
				LD_RUNPATH_SEARCH_PATHS = "@executable_path/Frameworks";
				PRODUCT_BUNDLE_IDENTIFIER = com.tranvias.withads;
				PRODUCT_NAME = "$(TARGET_NAME)";
				TARGETED_DEVICE_FAMILY = "1,2";
				VALIDATE_WORKSPACE = NO;
				FRAMEWORK_SEARCH_PATHS = (
					"$(inherited)",
					"\"Tranvias Coruna/Plugins/cordova-admobsdk\"",
					"\"Tranvias Coruna/Plugins/cordova-admobsdk\"",
					"\"Tranvias Coruna/Plugins/cordova-admobsdk\"",
					"\"Tranvias Coruna/Plugins/cordova-admobsdk\"",
					"\"Tranvias Coruna/Plugins/cordova-admobsdk\"",
					"\"Tranvias Coruna/Plugins/cordova-admobsdk\"",
					"\"Tranvias Coruna/Plugins/cordova-admobsdk\"",
				);
				LIBRARY_SEARCH_PATHS = (
					"$(inherited)",
					"\"$(SRCROOT)/$(TARGET_NAME)/Plugins/cordova-plugin-extension\"",
				);
			};
			name = Debug;
		};
		1D6058950D05DD3E006BFB54 /* Release */ = {
			isa = XCBuildConfiguration;
			baseConfigurationReference = 3047A5101AB8059700498E2A /* build-release.xcconfig */;
			buildSettings = {
				ALWAYS_SEARCH_USER_PATHS = NO;
				ASSETCATALOG_COMPILER_APPICON_NAME = AppIcon;
				CLANG_ENABLE_MODULES = YES;
				CLANG_ENABLE_OBJC_ARC = YES;
				COPY_PHASE_STRIP = YES;
				GCC_PRECOMPILE_PREFIX_HEADER = YES;
				GCC_PREFIX_HEADER = "Tranvias Coruna/Tranvias Coruna-Prefix.pch";
				GCC_THUMB_SUPPORT = NO;
				GCC_VERSION = "";
				INFOPLIST_FILE = "Tranvias Coruna/Tranvias Coruna-Info.plist";
				IPHONEOS_DEPLOYMENT_TARGET = 11.0;
				LD_RUNPATH_SEARCH_PATHS = "@executable_path/Frameworks";
				PRODUCT_BUNDLE_IDENTIFIER = com.tranvias.withads;
				PRODUCT_NAME = "$(TARGET_NAME)";
				TARGETED_DEVICE_FAMILY = "1,2";
				VALIDATE_WORKSPACE = NO;
				FRAMEWORK_SEARCH_PATHS = (
					"$(inherited)",
					"\"Tranvias Coruna/Plugins/cordova-admobsdk\"",
					"\"Tranvias Coruna/Plugins/cordova-admobsdk\"",
					"\"Tranvias Coruna/Plugins/cordova-admobsdk\"",
					"\"Tranvias Coruna/Plugins/cordova-admobsdk\"",
					"\"Tranvias Coruna/Plugins/cordova-admobsdk\"",
					"\"Tranvias Coruna/Plugins/cordova-admobsdk\"",
					"\"Tranvias Coruna/Plugins/cordova-admobsdk\"",
				);
				LIBRARY_SEARCH_PATHS = (
					"$(inherited)",
					"\"$(SRCROOT)/$(TARGET_NAME)/Plugins/cordova-plugin-extension\"",
				);
			};
			name = Release;
		};
		C01FCF4F08A954540054247B /* Debug */ = {
			isa = XCBuildConfiguration;
			baseConfigurationReference = 3047A5111AB8059700498E2A /* build.xcconfig */;
			buildSettings = {
				CLANG_ANALYZER_LOCALIZABILITY_NONLOCALIZED = YES;
				CLANG_ENABLE_MODULES = YES;
				CLANG_ENABLE_OBJC_ARC = YES;
				CLANG_WARN_BLOCK_CAPTURE_AUTORELEASING = YES;
				CLANG_WARN_BOOL_CONVERSION = YES;
				CLANG_WARN_COMMA = YES;
				CLANG_WARN_CONSTANT_CONVERSION = YES;
				CLANG_WARN_DEPRECATED_OBJC_IMPLEMENTATIONS = YES;
				CLANG_WARN_EMPTY_BODY = YES;
				CLANG_WARN_ENUM_CONVERSION = YES;
				CLANG_WARN_INFINITE_RECURSION = YES;
				CLANG_WARN_INT_CONVERSION = YES;
				CLANG_WARN_NON_LITERAL_NULL_CONVERSION = YES;
				CLANG_WARN_OBJC_IMPLICIT_RETAIN_SELF = YES;
				CLANG_WARN_OBJC_LITERAL_CONVERSION = YES;
				CLANG_WARN_RANGE_LOOP_ANALYSIS = YES;
				CLANG_WARN_STRICT_PROTOTYPES = YES;
				CLANG_WARN_SUSPICIOUS_MOVE = YES;
				CLANG_WARN_UNREACHABLE_CODE = YES;
				CLANG_WARN__DUPLICATE_METHOD_MATCH = YES;
				ENABLE_STRICT_OBJC_MSGSEND = YES;
				ENABLE_TESTABILITY = YES;
				GCC_C_LANGUAGE_STANDARD = c99;
				GCC_NO_COMMON_BLOCKS = YES;
				GCC_THUMB_SUPPORT = NO;
				GCC_VERSION = "";
				GCC_WARN_64_TO_32_BIT_CONVERSION = YES;
				GCC_WARN_ABOUT_RETURN_TYPE = YES;
				GCC_WARN_UNDECLARED_SELECTOR = YES;
				GCC_WARN_UNINITIALIZED_AUTOS = YES;
				GCC_WARN_UNUSED_FUNCTION = YES;
				GCC_WARN_UNUSED_VARIABLE = YES;
				ONLY_ACTIVE_ARCH = YES;
				SDKROOT = iphoneos;
				SKIP_INSTALL = NO;
				WK_WEB_VIEW_ONLY = 1;
				TARGETED_DEVICE_FAMILY = "1,2";
			};
			name = Debug;
		};
		C01FCF5008A954540054247B /* Release */ = {
			isa = XCBuildConfiguration;
			baseConfigurationReference = 3047A5111AB8059700498E2A /* build.xcconfig */;
			buildSettings = {
				CLANG_ANALYZER_LOCALIZABILITY_NONLOCALIZED = YES;
				CLANG_ENABLE_MODULES = YES;
				CLANG_ENABLE_OBJC_ARC = YES;
				CLANG_WARN_BLOCK_CAPTURE_AUTORELEASING = YES;
				CLANG_WARN_BOOL_CONVERSION = YES;
				CLANG_WARN_COMMA = YES;
				CLANG_WARN_CONSTANT_CONVERSION = YES;
				CLANG_WARN_DEPRECATED_OBJC_IMPLEMENTATIONS = YES;
				CLANG_WARN_EMPTY_BODY = YES;
				CLANG_WARN_ENUM_CONVERSION = YES;
				CLANG_WARN_INFINITE_RECURSION = YES;
				CLANG_WARN_INT_CONVERSION = YES;
				CLANG_WARN_NON_LITERAL_NULL_CONVERSION = YES;
				CLANG_WARN_OBJC_IMPLICIT_RETAIN_SELF = YES;
				CLANG_WARN_OBJC_LITERAL_CONVERSION = YES;
				CLANG_WARN_RANGE_LOOP_ANALYSIS = YES;
				CLANG_WARN_STRICT_PROTOTYPES = YES;
				CLANG_WARN_SUSPICIOUS_MOVE = YES;
				CLANG_WARN_UNREACHABLE_CODE = YES;
				CLANG_WARN__DUPLICATE_METHOD_MATCH = YES;
				ENABLE_STRICT_OBJC_MSGSEND = YES;
				GCC_C_LANGUAGE_STANDARD = c99;
				GCC_NO_COMMON_BLOCKS = YES;
				GCC_THUMB_SUPPORT = NO;
				GCC_VERSION = "";
				GCC_WARN_64_TO_32_BIT_CONVERSION = YES;
				GCC_WARN_ABOUT_RETURN_TYPE = YES;
				GCC_WARN_UNDECLARED_SELECTOR = YES;
				GCC_WARN_UNINITIALIZED_AUTOS = YES;
				GCC_WARN_UNUSED_FUNCTION = YES;
				GCC_WARN_UNUSED_VARIABLE = YES;
				SDKROOT = iphoneos;
				SKIP_INSTALL = NO;
				WK_WEB_VIEW_ONLY = 1;
				TARGETED_DEVICE_FAMILY = "1,2";
			};
			name = Release;
		};
/* End XCBuildConfiguration section */

/* Begin XCConfigurationList section */
		1D6058960D05DD3E006BFB54 /* Build configuration list for PBXNativeTarget "Tranvias Coruna" */ = {
			isa = XCConfigurationList;
			buildConfigurations = (
				1D6058940D05DD3E006BFB54 /* Debug */,
				1D6058950D05DD3E006BFB54 /* Release */,
			);
			defaultConfigurationIsVisible = 0;
			defaultConfigurationName = Release;
		};
		C01FCF4E08A954540054247B /* Build configuration list for PBXProject "Tranvias Coruna" */ = {
			isa = XCConfigurationList;
			buildConfigurations = (
				C01FCF4F08A954540054247B /* Debug */,
				C01FCF5008A954540054247B /* Release */,
			);
			defaultConfigurationIsVisible = 0;
			defaultConfigurationName = Release;
		};
/* End XCConfigurationList section */
	};
	rootObject = 29B97313FDCFA39411CA2CEA /* Project object */;
}
