// !$*UTF8*$!
{
	archiveVersion = 1;
	classes = {
	};
	objectVersion = 52;
	objects = {

/* Begin PBXBuildFile section */
		0207DA581B56EA530066E2B4 /* Images.xcassets in Resources */ = {isa = PBXBuildFile; fileRef = 0207DA571B56EA530066E2B4 /* Images.xcassets */; };
		10953BFF39B94400BE25F1A1 /* AMBRewardedInterstitial.swift in Sources */ = {isa = PBXBuildFile; fileRef = 24FD31D28B2142F09B8DFBF0 /* AMBRewardedInterstitial.swift */; };
		1D3623260D0F684500981E51 /* AppDelegate.m in Sources */ = {isa = PBXBuildFile; fileRef = 1D3623250D0F684500981E51 /* AppDelegate.m */; };
		1D60589B0D05DD56006BFB54 /* main.m in Sources */ = {isa = PBXBuildFile; fileRef = 29B97316FDCFA39411CA2CEA /* main.m */; };
		220221DDB06C47008055B929 /* AMBGenerated.swift in Sources */ = {isa = PBXBuildFile; fileRef = 5F8B284802FF40CB85C89E72 /* AMBGenerated.swift */; };
		2E9B2B06EEB747BBA0E1B2C0 /* AMBAppOpenAd.swift in Sources */ = {isa = PBXBuildFile; fileRef = 625AFD02D72C4B61AEED90E2 /* AMBAppOpenAd.swift */; };
		301BF552109A68D80062928A /* libCordova.a in Frameworks */ = {isa = PBXBuildFile; fileRef = 301BF535109A57CC0062928A /* libCordova.a */; settings = {ATTRIBUTES = (Required, ); }; };
		302D95F114D2391D003F00A1 /* MainViewController.m in Sources */ = {isa = PBXBuildFile; fileRef = 302D95EF14D2391D003F00A1 /* MainViewController.m */; };
		302D95F214D2391D003F00A1 /* MainViewController.xib in Resources */ = {isa = PBXBuildFile; fileRef = 302D95F014D2391D003F00A1 /* MainViewController.xib */; };
		50280609E1B00B210C33BEDD /* Pods_Tranvias_Coruna.framework in Frameworks */ = {isa = PBXBuildFile; fileRef = EA45967DAAB855D02B610D59 /* Pods_Tranvias_Coruna.framework */; };
		5299B7B236BC4CE49691F2F7 /* AMBContext.swift in Sources */ = {isa = PBXBuildFile; fileRef = 40FBAA89CD5144F4922C46C6 /* AMBContext.swift */; };
		5BF47C09214A4E5AAAC9277F /* AppTrackingTransparency.framework in Frameworks */ = {isa = PBXBuildFile; fileRef = 37D2D5CA04E64592A2401FA8 /* AppTrackingTransparency.framework */; settings = {ATTRIBUTES = (Weak, ); }; };
		6AFF5BF91D6E424B00AB3073 /* CDVLaunchScreen.storyboard in Resources */ = {isa = PBXBuildFile; fileRef = 6AFF5BF81D6E424B00AB3073 /* CDVLaunchScreen.storyboard */; };
		8F5F767853D349D9B605B604 /* AMBCore.swift in Sources */ = {isa = PBXBuildFile; fileRef = 06C6EC6D2BCA40CBAF0BC9FA /* AMBCore.swift */; };
		8FFFB9E439D84EB893D85F1B /* AMBNativeAd.swift in Sources */ = {isa = PBXBuildFile; fileRef = 930C61AE1AB9441693971B62 /* AMBNativeAd.swift */; };
		BC19E588FC2043F78FA4D31B /* AMBPlugin.swift in Sources */ = {isa = PBXBuildFile; fileRef = 1DBDCD840016473591545782 /* AMBPlugin.swift */; };
		BE77B220E70E4061BD51E8D2 /* AMBAdBase.swift in Sources */ = {isa = PBXBuildFile; fileRef = 62BF7BF33BDD4D99A90D2AD0 /* AMBAdBase.swift */; };
		C253BE7E9DB742B298A43551 /* AMBInterstitial.swift in Sources */ = {isa = PBXBuildFile; fileRef = 513651329EE64C0DB205E118 /* AMBInterstitial.swift */; };
		E5BB9E9DFBAD4D15AED67C4C /* AMBBanner.swift in Sources */ = {isa = PBXBuildFile; fileRef = 3544CC6D54374AD0990C5216 /* AMBBanner.swift */; };
		F05336741C8A4421B0390FE4 /* AMBRewarded.swift in Sources */ = {isa = PBXBuildFile; fileRef = 1AB42206D70E4B649CD724B2 /* AMBRewarded.swift */; };
		C1BB855AA8604FD795B19D4D /* CDVNotification.m in Sources */ = {isa = PBXBuildFile; fileRef = 3C5ACCB246874CFA979F5D63 /* CDVNotification.m */; };
		5EBDC856B94F40B4857649F8 /* CDVNotification.bundle in Resources */ = {isa = PBXBuildFile; fileRef = 16D8E78012DF480C98A8E35B /* CDVNotification.bundle */; };
		B4A4E5FB9FE64704BDF14771 /* AudioToolbox.framework in Frameworks */ = {isa = PBXBuildFile; fileRef = B83B933291014F7087C7E64C /* AudioToolbox.framework */; settings = {ATTRIBUTES = (Weak, ); }; };
		D0FF6E0164294002AD539454 /* NativeStorage.m in Sources */ = {isa = PBXBuildFile; fileRef = B2463C51B62E4757BF927BF3 /* NativeStorage.m */; };
		02F5A01C33FC457BB79B2AC1 /* CDVAppRate.m in Sources */ = {isa = PBXBuildFile; fileRef = 99B6C325928F43D2A8C11ED0 /* CDVAppRate.m */; };
		ABD0D9CB0FCA45EF976A92F8 /* StoreKit.framework in Frameworks */ = {isa = PBXBuildFile; fileRef = 7FB1DCFE3F9249259D5965A4 /* StoreKit.framework */; };
		917ECDE23B0A4F6EBE0463AF /* CDVDevice.m in Sources */ = {isa = PBXBuildFile; fileRef = 379A81E4D0104B0C8464BEEB /* CDVDevice.m */; };
		9E1F622C7D0B40B5866BE4BE /* CDVLocation.m in Sources */ = {isa = PBXBuildFile; fileRef = 492AC3F41E034A24AD5D7CFB /* CDVLocation.m */; };
		34B2E5310BF6497A9AAE3265 /* CoreLocation.framework in Frameworks */ = {isa = PBXBuildFile; fileRef = 90D4B892916C474C951A0B06 /* CoreLocation.framework */; };
		4013423153744A8DB8F858A9 /* IdfaPlugin.m in Sources */ = {isa = PBXBuildFile; fileRef = 33B771DFBFAA41629F4E83B8 /* IdfaPlugin.m */; };
		5DE0213E21DA41D387EDB8E0 /* AdSupport.framework in Frameworks */ = {isa = PBXBuildFile; fileRef = F95E265CF908410E8F4B48EC /* AdSupport.framework */; settings = {ATTRIBUTES = (Weak, ); }; };
		376484827B1241038DAAE3AA /* CDVInAppBrowserOptions.m in Sources */ = {isa = PBXBuildFile; fileRef = DA685C24B756493D84C68B64 /* CDVInAppBrowserOptions.m */; };
		AEAB5C32F124499E82D3181B /* CDVInAppBrowserNavigationController.m in Sources */ = {isa = PBXBuildFile; fileRef = 99F25292ACF14A0CB190A650 /* CDVInAppBrowserNavigationController.m */; };
		C03FE7CD946C481DA41B972C /* CDVWKInAppBrowser.m in Sources */ = {isa = PBXBuildFile; fileRef = 72A948C4406F44F787EBB725 /* CDVWKInAppBrowser.m */; };
		64BC9BA050ED454BA4D959E1 /* CDVWKInAppBrowserUIDelegate.m in Sources */ = {isa = PBXBuildFile; fileRef = 55CE602710B248A186C5206F /* CDVWKInAppBrowserUIDelegate.m */; };
		1C6EFA3E7F8F4EFA892A5285 /* CDVWKWebViewFileXhr.m in Sources */ = {isa = PBXBuildFile; fileRef = A0B028BB1C5448B29F0527B2 /* CDVWKWebViewFileXhr.m */; };
		9321BF7D72B44CE8B708441D /* WebKit.framework in Frameworks */ = {isa = PBXBuildFile; fileRef = BF6722FB99954DB7A1FB3C2D /* WebKit.framework */; settings = {ATTRIBUTES = (Weak, ); }; };
/* End PBXBuildFile section */

/* Begin PBXContainerItemProxy section */
		301BF534109A57CC0062928A /* PBXContainerItemProxy */ = {
			isa = PBXContainerItemProxy;
			containerPortal = 301BF52D109A57CC0062928A /* CordovaLib.xcodeproj */;
			proxyType = 2;
			remoteGlobalIDString = D2AAC07E0554694100DB518D;
			remoteInfo = CordovaLib;
		};
		301BF550109A68C00062928A /* PBXContainerItemProxy */ = {
			isa = PBXContainerItemProxy;
			containerPortal = 301BF52D109A57CC0062928A /* CordovaLib.xcodeproj */;
			proxyType = 1;
			remoteGlobalIDString = D2AAC07D0554694100DB518D;
			remoteInfo = CordovaLib;
		};
		907D8123214C687600058A10 /* PBXContainerItemProxy */ = {
			isa = PBXContainerItemProxy;
			containerPortal = 301BF52D109A57CC0062928A /* CordovaLib.xcodeproj */;
			proxyType = 2;
			remoteGlobalIDString = C0C01EB21E3911D50056E6CB;
			remoteInfo = Cordova;
		};
/* End PBXContainerItemProxy section */

/* Begin PBXFileReference section */
		0207DA571B56EA530066E2B4 /* Images.xcassets */ = {isa = PBXFileReference; lastKnownFileType = folder.assetcatalog; name = Images.xcassets; path = "Tranvias Coruna/Images.xcassets"; sourceTree = SOURCE_ROOT; };
		06C6EC6D2BCA40CBAF0BC9FA /* AMBCore.swift */ = {isa = PBXFileReference; explicitFileType = undefined; fileEncoding = 4; includeInIndex = 0; lastKnownFileType = sourcecode.swift; name = AMBCore.swift; path = "admob-plus-cordova/AMBCore.swift"; sourceTree = "<group>"; };
		1AB42206D70E4B649CD724B2 /* AMBRewarded.swift */ = {isa = PBXFileReference; explicitFileType = undefined; fileEncoding = 4; includeInIndex = 0; lastKnownFileType = sourcecode.swift; name = AMBRewarded.swift; path = "admob-plus-cordova/AMBRewarded.swift"; sourceTree = "<group>"; };
		1D3623240D0F684500981E51 /* AppDelegate.h */ = {isa = PBXFileReference; fileEncoding = 4; lastKnownFileType = sourcecode.c.h; path = AppDelegate.h; sourceTree = "<group>"; };
		1D3623250D0F684500981E51 /* AppDelegate.m */ = {isa = PBXFileReference; fileEncoding = 4; lastKnownFileType = sourcecode.c.objc; path = AppDelegate.m; sourceTree = "<group>"; };
		1D6058910D05DD3D006BFB54 /* Tranvias Coruna.app */ = {isa = PBXFileReference; explicitFileType = wrapper.application; includeInIndex = 0; path = "Tranvias Coruna.app"; sourceTree = BUILT_PRODUCTS_DIR; };
		1DBDCD840016473591545782 /* AMBPlugin.swift */ = {isa = PBXFileReference; explicitFileType = undefined; fileEncoding = 4; includeInIndex = 0; lastKnownFileType = sourcecode.swift; name = AMBPlugin.swift; path = "admob-plus-cordova/AMBPlugin.swift"; sourceTree = "<group>"; };
		24FD31D28B2142F09B8DFBF0 /* AMBRewardedInterstitial.swift */ = {isa = PBXFileReference; explicitFileType = undefined; fileEncoding = 4; includeInIndex = 0; lastKnownFileType = sourcecode.swift; name = AMBRewardedInterstitial.swift; path = "admob-plus-cordova/AMBRewardedInterstitial.swift"; sourceTree = "<group>"; };
		29B97316FDCFA39411CA2CEA /* main.m */ = {isa = PBXFileReference; fileEncoding = 4; lastKnownFileType = sourcecode.c.objc; path = main.m; sourceTree = "<group>"; };
		301BF52D109A57CC0062928A /* CordovaLib.xcodeproj */ = {isa = PBXFileReference; lastKnownFileType = "wrapper.pb-project"; name = CordovaLib.xcodeproj; path = CordovaLib/CordovaLib.xcodeproj; sourceTree = "<group>"; };
		301BF56E109A69640062928A /* www */ = {isa = PBXFileReference; lastKnownFileType = folder; path = www; sourceTree = SOURCE_ROOT; };
		302D95EE14D2391D003F00A1 /* MainViewController.h */ = {isa = PBXFileReference; fileEncoding = 4; lastKnownFileType = sourcecode.c.h; path = MainViewController.h; sourceTree = "<group>"; };
		302D95EF14D2391D003F00A1 /* MainViewController.m */ = {isa = PBXFileReference; fileEncoding = 4; lastKnownFileType = sourcecode.c.objc; path = MainViewController.m; sourceTree = "<group>"; };
		302D95F014D2391D003F00A1 /* MainViewController.xib */ = {isa = PBXFileReference; fileEncoding = 4; lastKnownFileType = file.xib; path = MainViewController.xib; sourceTree = "<group>"; };
		3047A50F1AB8059700498E2A /* build-debug.xcconfig */ = {isa = PBXFileReference; fileEncoding = 4; lastKnownFileType = text.xcconfig; name = "build-debug.xcconfig"; path = "cordova/build-debug.xcconfig"; sourceTree = SOURCE_ROOT; };
		3047A5101AB8059700498E2A /* build-release.xcconfig */ = {isa = PBXFileReference; fileEncoding = 4; lastKnownFileType = text.xcconfig; name = "build-release.xcconfig"; path = "cordova/build-release.xcconfig"; sourceTree = SOURCE_ROOT; };
		3047A5111AB8059700498E2A /* build.xcconfig */ = {isa = PBXFileReference; fileEncoding = 4; lastKnownFileType = text.xcconfig; name = build.xcconfig; path = cordova/build.xcconfig; sourceTree = SOURCE_ROOT; };
		32CA4F630368D1EE00C91783 /* Tranvias Coruna-Prefix.pch */ = {isa = PBXFileReference; fileEncoding = 4; lastKnownFileType = sourcecode.c.h; path = "Tranvias Coruna-Prefix.pch"; sourceTree = "<group>"; };
		3544CC6D54374AD0990C5216 /* AMBBanner.swift */ = {isa = PBXFileReference; explicitFileType = undefined; fileEncoding = 4; includeInIndex = 0; lastKnownFileType = sourcecode.swift; name = AMBBanner.swift; path = "admob-plus-cordova/AMBBanner.swift"; sourceTree = "<group>"; };
		37D2D5CA04E64592A2401FA8 /* AppTrackingTransparency.framework */ = {isa = PBXFileReference; explicitFileType = undefined; fileEncoding = undefined; includeInIndex = 0; lastKnownFileType = wrapper.framework; name = AppTrackingTransparency.framework; path = System/Library/Frameworks/AppTrackingTransparency.framework; sourceTree = SDKROOT; };
		40FBAA89CD5144F4922C46C6 /* AMBContext.swift */ = {isa = PBXFileReference; explicitFileType = undefined; fileEncoding = 4; includeInIndex = 0; lastKnownFileType = sourcecode.swift; name = AMBContext.swift; path = "admob-plus-cordova/AMBContext.swift"; sourceTree = "<group>"; };
		513651329EE64C0DB205E118 /* AMBInterstitial.swift */ = {isa = PBXFileReference; explicitFileType = undefined; fileEncoding = 4; includeInIndex = 0; lastKnownFileType = sourcecode.swift; name = AMBInterstitial.swift; path = "admob-plus-cordova/AMBInterstitial.swift"; sourceTree = "<group>"; };
		5F8B284802FF40CB85C89E72 /* AMBGenerated.swift */ = {isa = PBXFileReference; explicitFileType = undefined; fileEncoding = 4; includeInIndex = 0; lastKnownFileType = sourcecode.swift; name = AMBGenerated.swift; path = "admob-plus-cordova/AMBGenerated.swift"; sourceTree = "<group>"; };
		625AFD02D72C4B61AEED90E2 /* AMBAppOpenAd.swift */ = {isa = PBXFileReference; explicitFileType = undefined; fileEncoding = 4; includeInIndex = 0; lastKnownFileType = sourcecode.swift; name = AMBAppOpenAd.swift; path = "admob-plus-cordova/AMBAppOpenAd.swift"; sourceTree = "<group>"; };
		62BF7BF33BDD4D99A90D2AD0 /* AMBAdBase.swift */ = {isa = PBXFileReference; explicitFileType = undefined; fileEncoding = 4; includeInIndex = 0; lastKnownFileType = sourcecode.swift; name = AMBAdBase.swift; path = "admob-plus-cordova/AMBAdBase.swift"; sourceTree = "<group>"; };
		6AFF5BF81D6E424B00AB3073 /* CDVLaunchScreen.storyboard */ = {isa = PBXFileReference; fileEncoding = 4; lastKnownFileType = file.storyboard; name = CDVLaunchScreen.storyboard; path = "Tranvias Coruna/CDVLaunchScreen.storyboard"; sourceTree = SOURCE_ROOT; };
		8D1107310486CEB800E47090 /* Tranvias Coruna-Info.plist */ = {isa = PBXFileReference; fileEncoding = 4; lastKnownFileType = text.plist.xml; name = "Tranvias Coruna-Info.plist"; path = "Tranvias Coruna/Tranvias Coruna-Info.plist"; plistStructureDefinitionIdentifier = "com.apple.xcode.plist.structure-definition.iphone.info-plist"; sourceTree = SOURCE_ROOT; };
		930C61AE1AB9441693971B62 /* AMBNativeAd.swift */ = {isa = PBXFileReference; explicitFileType = undefined; fileEncoding = 4; includeInIndex = 0; lastKnownFileType = sourcecode.swift; name = AMBNativeAd.swift; path = "admob-plus-cordova/AMBNativeAd.swift"; sourceTree = "<group>"; };
		B42F1F4E0D3FE05058364176 /* Pods-Tranvias Coruna.release.xcconfig */ = {isa = PBXFileReference; includeInIndex = 1; lastKnownFileType = text.xcconfig; name = "Pods-Tranvias Coruna.release.xcconfig"; path = "Target Support Files/Pods-Tranvias Coruna/Pods-Tranvias Coruna.release.xcconfig"; sourceTree = "<group>"; };
		D43A566ABF4519090A5CA725 /* Pods-Tranvias Coruna.debug.xcconfig */ = {isa = PBXFileReference; includeInIndex = 1; lastKnownFileType = text.xcconfig; name = "Pods-Tranvias Coruna.debug.xcconfig"; path = "Target Support Files/Pods-Tranvias Coruna/Pods-Tranvias Coruna.debug.xcconfig"; sourceTree = "<group>"; };
		EA45967DAAB855D02B610D59 /* Pods_Tranvias_Coruna.framework */ = {isa = PBXFileReference; explicitFileType = wrapper.framework; includeInIndex = 0; path = Pods_Tranvias_Coruna.framework; sourceTree = BUILT_PRODUCTS_DIR; };
		EB87FDF31871DA8E0020F90C /* www */ = {isa = PBXFileReference; lastKnownFileType = folder; name = www; path = ../../www; sourceTree = "<group>"; };
		EB87FDF41871DAF40020F90C /* config.xml */ = {isa = PBXFileReference; lastKnownFileType = text.xml; name = config.xml; path = ../../config.xml; sourceTree = "<group>"; };
		ED33DF2A687741AEAF9F8254 /* Bridging-Header.h */ = {isa = PBXFileReference; fileEncoding = 4; lastKnownFileType = sourcecode.c.h; path = "Bridging-Header.h"; sourceTree = "<group>"; };
		F840E1F0165FE0F500CFE078 /* config.xml */ = {isa = PBXFileReference; lastKnownFileType = text.xml; name = config.xml; path = "Tranvias Coruna/config.xml"; sourceTree = "<group>"; };
		3C5ACCB246874CFA979F5D63 /* CDVNotification.m */ = {isa = PBXFileReference; name = "CDVNotification.m"; path = "cordova-plugin-dialogs/CDVNotification.m"; sourceTree = "<group>"; fileEncoding = 4; lastKnownFileType = sourcecode.c.objc; explicitFileType = undefined; includeInIndex = 0; };
		0D7785AEB9CE48BA93BD2300 /* CDVNotification.h */ = {isa = PBXFileReference; name = "CDVNotification.h"; path = "cordova-plugin-dialogs/CDVNotification.h"; sourceTree = "<group>"; fileEncoding = 4; lastKnownFileType = sourcecode.c.h; explicitFileType = undefined; includeInIndex = 0; };
		16D8E78012DF480C98A8E35B /* CDVNotification.bundle */ = {isa = PBXFileReference; name = "CDVNotification.bundle"; path = "CDVNotification.bundle"; sourceTree = "<group>"; fileEncoding = undefined; lastKnownFileType = wrapper.plug-in; explicitFileType = undefined; includeInIndex = 0; };
		B83B933291014F7087C7E64C /* AudioToolbox.framework */ = {isa = PBXFileReference; name = "AudioToolbox.framework"; path = "System/Library/Frameworks/AudioToolbox.framework"; sourceTree = SDKROOT; fileEncoding = undefined; lastKnownFileType = wrapper.framework; explicitFileType = undefined; includeInIndex = 0; };
		B2463C51B62E4757BF927BF3 /* NativeStorage.m */ = {isa = PBXFileReference; name = "NativeStorage.m"; path = "cordova-plugin-nativestorage/NativeStorage.m"; sourceTree = "<group>"; fileEncoding = 4; lastKnownFileType = sourcecode.c.objc; explicitFileType = undefined; includeInIndex = 0; };
		EF401275C2E54D748730557B /* NativeStorage.h */ = {isa = PBXFileReference; name = "NativeStorage.h"; path = "cordova-plugin-nativestorage/NativeStorage.h"; sourceTree = "<group>"; fileEncoding = 4; lastKnownFileType = sourcecode.c.h; explicitFileType = undefined; includeInIndex = 0; };
		99B6C325928F43D2A8C11ED0 /* CDVAppRate.m */ = {isa = PBXFileReference; name = "CDVAppRate.m"; path = "cordova-plugin-apprate/CDVAppRate.m"; sourceTree = "<group>"; fileEncoding = 4; lastKnownFileType = sourcecode.c.objc; explicitFileType = undefined; includeInIndex = 0; };
		158C08267C1E4D02AC02FDD2 /* CDVAppRate.h */ = {isa = PBXFileReference; name = "CDVAppRate.h"; path = "cordova-plugin-apprate/CDVAppRate.h"; sourceTree = "<group>"; fileEncoding = 4; lastKnownFileType = sourcecode.c.h; explicitFileType = undefined; includeInIndex = 0; };
		7FB1DCFE3F9249259D5965A4 /* StoreKit.framework */ = {isa = PBXFileReference; name = "StoreKit.framework"; path = "System/Library/Frameworks/StoreKit.framework"; sourceTree = SDKROOT; fileEncoding = undefined; lastKnownFileType = wrapper.framework; explicitFileType = undefined; includeInIndex = 0; };
		379A81E4D0104B0C8464BEEB /* CDVDevice.m */ = {isa = PBXFileReference; name = "CDVDevice.m"; path = "cordova-plugin-device/CDVDevice.m"; sourceTree = "<group>"; fileEncoding = 4; lastKnownFileType = sourcecode.c.objc; explicitFileType = undefined; includeInIndex = 0; };
		4FC51961257040F4B731B369 /* CDVDevice.h */ = {isa = PBXFileReference; name = "CDVDevice.h"; path = "cordova-plugin-device/CDVDevice.h"; sourceTree = "<group>"; fileEncoding = 4; lastKnownFileType = sourcecode.c.h; explicitFileType = undefined; includeInIndex = 0; };
		492AC3F41E034A24AD5D7CFB /* CDVLocation.m */ = {isa = PBXFileReference; name = "CDVLocation.m"; path = "cordova-plugin-geolocation/CDVLocation.m"; sourceTree = "<group>"; fileEncoding = 4; lastKnownFileType = sourcecode.c.objc; explicitFileType = undefined; includeInIndex = 0; };
		9807638AE103472992C45ACB /* CDVLocation.h */ = {isa = PBXFileReference; name = "CDVLocation.h"; path = "cordova-plugin-geolocation/CDVLocation.h"; sourceTree = "<group>"; fileEncoding = 4; lastKnownFileType = sourcecode.c.h; explicitFileType = undefined; includeInIndex = 0; };
		90D4B892916C474C951A0B06 /* CoreLocation.framework */ = {isa = PBXFileReference; name = "CoreLocation.framework"; path = "System/Library/Frameworks/CoreLocation.framework"; sourceTree = SDKROOT; fileEncoding = undefined; lastKnownFileType = wrapper.framework; explicitFileType = undefined; includeInIndex = 0; };
		33B771DFBFAA41629F4E83B8 /* IdfaPlugin.m */ = {isa = PBXFileReference; name = "IdfaPlugin.m"; path = "cordova-plugin-idfa/IdfaPlugin.m"; sourceTree = "<group>"; fileEncoding = 4; lastKnownFileType = sourcecode.c.objc; explicitFileType = undefined; includeInIndex = 0; };
		CC7869686D1442B8AF42DD7F /* IdfaPlugin.h */ = {isa = PBXFileReference; name = "IdfaPlugin.h"; path = "cordova-plugin-idfa/IdfaPlugin.h"; sourceTree = "<group>"; fileEncoding = 4; lastKnownFileType = sourcecode.c.h; explicitFileType = undefined; includeInIndex = 0; };
		F95E265CF908410E8F4B48EC /* AdSupport.framework */ = {isa = PBXFileReference; name = "AdSupport.framework"; path = "System/Library/Frameworks/AdSupport.framework"; sourceTree = SDKROOT; fileEncoding = undefined; lastKnownFileType = wrapper.framework; explicitFileType = undefined; includeInIndex = 0; };
		DA685C24B756493D84C68B64 /* CDVInAppBrowserOptions.m */ = {isa = PBXFileReference; name = "CDVInAppBrowserOptions.m"; path = "cordova-plugin-inappbrowser/CDVInAppBrowserOptions.m"; sourceTree = "<group>"; fileEncoding = 4; lastKnownFileType = sourcecode.c.objc; explicitFileType = undefined; includeInIndex = 0; };
		99F25292ACF14A0CB190A650 /* CDVInAppBrowserNavigationController.m */ = {isa = PBXFileReference; name = "CDVInAppBrowserNavigationController.m"; path = "cordova-plugin-inappbrowser/CDVInAppBrowserNavigationController.m"; sourceTree = "<group>"; fileEncoding = 4; lastKnownFileType = sourcecode.c.objc; explicitFileType = undefined; includeInIndex = 0; };
		72A948C4406F44F787EBB725 /* CDVWKInAppBrowser.m */ = {isa = PBXFileReference; name = "CDVWKInAppBrowser.m"; path = "cordova-plugin-inappbrowser/CDVWKInAppBrowser.m"; sourceTree = "<group>"; fileEncoding = 4; lastKnownFileType = sourcecode.c.objc; explicitFileType = undefined; includeInIndex = 0; };
		55CE602710B248A186C5206F /* CDVWKInAppBrowserUIDelegate.m */ = {isa = PBXFileReference; name = "CDVWKInAppBrowserUIDelegate.m"; path = "cordova-plugin-inappbrowser/CDVWKInAppBrowserUIDelegate.m"; sourceTree = "<group>"; fileEncoding = 4; lastKnownFileType = sourcecode.c.objc; explicitFileType = undefined; includeInIndex = 0; };
		E734CB22A628425FBF9F5CE8 /* CDVInAppBrowserOptions.h */ = {isa = PBXFileReference; name = "CDVInAppBrowserOptions.h"; path = "cordova-plugin-inappbrowser/CDVInAppBrowserOptions.h"; sourceTree = "<group>"; fileEncoding = 4; lastKnownFileType = sourcecode.c.h; explicitFileType = undefined; includeInIndex = 0; };
		B526796936394947B178FE2E /* CDVInAppBrowserNavigationController.h */ = {isa = PBXFileReference; name = "CDVInAppBrowserNavigationController.h"; path = "cordova-plugin-inappbrowser/CDVInAppBrowserNavigationController.h"; sourceTree = "<group>"; fileEncoding = 4; lastKnownFileType = sourcecode.c.h; explicitFileType = undefined; includeInIndex = 0; };
		E703CA6D5E2A4D4A8E438A2A /* CDVWKInAppBrowser.h */ = {isa = PBXFileReference; name = "CDVWKInAppBrowser.h"; path = "cordova-plugin-inappbrowser/CDVWKInAppBrowser.h"; sourceTree = "<group>"; fileEncoding = 4; lastKnownFileType = sourcecode.c.h; explicitFileType = undefined; includeInIndex = 0; };
		92209CEE11BD4861966CF1ED /* CDVWKInAppBrowserUIDelegate.h */ = {isa = PBXFileReference; name = "CDVWKInAppBrowserUIDelegate.h"; path = "cordova-plugin-inappbrowser/CDVWKInAppBrowserUIDelegate.h"; sourceTree = "<group>"; fileEncoding = 4; lastKnownFileType = sourcecode.c.h; explicitFileType = undefined; includeInIndex = 0; };
		A0B028BB1C5448B29F0527B2 /* CDVWKWebViewFileXhr.m */ = {isa = PBXFileReference; name = "CDVWKWebViewFileXhr.m"; path = "cordova-plugin-wkwebview-file-xhr/CDVWKWebViewFileXhr.m"; sourceTree = "<group>"; fileEncoding = 4; lastKnownFileType = sourcecode.c.objc; explicitFileType = undefined; includeInIndex = 0; };
		16AE39D648F24D32A075F9C0 /* CDVWKWebViewFileXhr.h */ = {isa = PBXFileReference; name = "CDVWKWebViewFileXhr.h"; path = "cordova-plugin-wkwebview-file-xhr/CDVWKWebViewFileXhr.h"; sourceTree = "<group>"; fileEncoding = 4; lastKnownFileType = sourcecode.c.h; explicitFileType = undefined; includeInIndex = 0; };
		BF6722FB99954DB7A1FB3C2D /* WebKit.framework */ = {isa = PBXFileReference; name = "WebKit.framework"; path = "System/Library/Frameworks/WebKit.framework"; sourceTree = SDKROOT; fileEncoding = undefined; lastKnownFileType = wrapper.framework; explicitFileType = undefined; includeInIndex = 0; };
/* End PBXFileReference section */

/* Begin PBXFrameworksBuildPhase section */
		1D60588F0D05DD3D006BFB54 /* Frameworks */ = {
			isa = PBXFrameworksBuildPhase;
			buildActionMask = 2147483647;
			files = (
				301BF552109A68D80062928A /* libCordova.a in Frameworks */,
				5BF47C09214A4E5AAAC9277F /* AppTrackingTransparency.framework in Frameworks */,
				50280609E1B00B210C33BEDD /* Pods_Tranvias_Coruna.framework in Frameworks */,
				B4A4E5FB9FE64704BDF14771 /* AudioToolbox.framework in Frameworks */,
				ABD0D9CB0FCA45EF976A92F8 /* StoreKit.framework in Frameworks */,
				34B2E5310BF6497A9AAE3265 /* CoreLocation.framework in Frameworks */,
				5DE0213E21DA41D387EDB8E0 /* AdSupport.framework in Frameworks */,
				9321BF7D72B44CE8B708441D /* WebKit.framework in Frameworks */,
			);
			runOnlyForDeploymentPostprocessing = 0;
		};
/* End PBXFrameworksBuildPhase section */

/* Begin PBXGroup section */
		080E96DDFE201D6D7F000001 /* Classes */ = {
			isa = PBXGroup;
			children = (
				302D95EE14D2391D003F00A1 /* MainViewController.h */,
				302D95EF14D2391D003F00A1 /* MainViewController.m */,
				302D95F014D2391D003F00A1 /* MainViewController.xib */,
				1D3623240D0F684500981E51 /* AppDelegate.h */,
				1D3623250D0F684500981E51 /* AppDelegate.m */,
			);
			name = Classes;
			path = "Tranvias Coruna/Classes";
			sourceTree = SOURCE_ROOT;
		};
		19C28FACFE9D520D11CA2CBB /* Products */ = {
			isa = PBXGroup;
			children = (
				1D6058910D05DD3D006BFB54 /* Tranvias Coruna.app */,
			);
			name = Products;
			sourceTree = "<group>";
		};
		29B97314FDCFA39411CA2CEA = {
			isa = PBXGroup;
			children = (
				EB87FDF41871DAF40020F90C /* config.xml */,
				EB87FDF31871DA8E0020F90C /* www */,
				EB87FDF11871DA420020F90C /* Staging */,
				301BF52D109A57CC0062928A /* CordovaLib.xcodeproj */,
				080E96DDFE201D6D7F000001 /* Classes */,
				307C750510C5A3420062BCA9 /* Plugins */,
				29B97315FDCFA39411CA2CEA /* Other Sources */,
				29B97317FDCFA39411CA2CEA /* Resources */,
				29B97323FDCFA39411CA2CEA /* Frameworks */,
				19C28FACFE9D520D11CA2CBB /* Products */,
				817565F16652908649F6221D /* Pods */,
			);
			name = CustomTemplate;
			sourceTree = "<group>";
		};
		29B97315FDCFA39411CA2CEA /* Other Sources */ = {
			isa = PBXGroup;
			children = (
				32CA4F630368D1EE00C91783 /* Tranvias Coruna-Prefix.pch */,
				29B97316FDCFA39411CA2CEA /* main.m */,
				ED33DF2A687741AEAF9F8254 /* Bridging-Header.h */,
			);
			name = "Other Sources";
			path = "Tranvias Coruna";
			sourceTree = "<group>";
		};
		29B97317FDCFA39411CA2CEA /* Resources */ = {
			isa = PBXGroup;
			children = (
				0207DA571B56EA530066E2B4 /* Images.xcassets */,
				3047A50E1AB8057F00498E2A /* config */,
				8D1107310486CEB800E47090 /* Tranvias Coruna-Info.plist */,
				6AFF5BF81D6E424B00AB3073 /* CDVLaunchScreen.storyboard */,
				16D8E78012DF480C98A8E35B /* CDVNotification.bundle */,
			);
			name = Resources;
			path = "Tranvias Coruna/Resources";
			sourceTree = "<group>";
		};
		29B97323FDCFA39411CA2CEA /* Frameworks */ = {
			isa = PBXGroup;
			children = (
				37D2D5CA04E64592A2401FA8 /* AppTrackingTransparency.framework */,
				EA45967DAAB855D02B610D59 /* Pods_Tranvias_Coruna.framework */,
				B83B933291014F7087C7E64C /* AudioToolbox.framework */,
				7FB1DCFE3F9249259D5965A4 /* StoreKit.framework */,
				90D4B892916C474C951A0B06 /* CoreLocation.framework */,
				F95E265CF908410E8F4B48EC /* AdSupport.framework */,
				BF6722FB99954DB7A1FB3C2D /* WebKit.framework */,
			);
			name = Frameworks;
			sourceTree = "<group>";
		};
		301BF52E109A57CC0062928A /* Products */ = {
			isa = PBXGroup;
			children = (
				301BF535109A57CC0062928A /* libCordova.a */,
				907D8124214C687600058A10 /* Cordova.framework */,
			);
			name = Products;
			sourceTree = "<group>";
		};
		3047A50E1AB8057F00498E2A /* config */ = {
			isa = PBXGroup;
			children = (
				3047A50F1AB8059700498E2A /* build-debug.xcconfig */,
				3047A5101AB8059700498E2A /* build-release.xcconfig */,
				3047A5111AB8059700498E2A /* build.xcconfig */,
			);
			name = config;
			sourceTree = "<group>";
		};
		307C750510C5A3420062BCA9 /* Plugins */ = {
			isa = PBXGroup;
			children = (
				62BF7BF33BDD4D99A90D2AD0 /* AMBAdBase.swift */,
				625AFD02D72C4B61AEED90E2 /* AMBAppOpenAd.swift */,
				3544CC6D54374AD0990C5216 /* AMBBanner.swift */,
				40FBAA89CD5144F4922C46C6 /* AMBContext.swift */,
				06C6EC6D2BCA40CBAF0BC9FA /* AMBCore.swift */,
				5F8B284802FF40CB85C89E72 /* AMBGenerated.swift */,
				513651329EE64C0DB205E118 /* AMBInterstitial.swift */,
				930C61AE1AB9441693971B62 /* AMBNativeAd.swift */,
				1DBDCD840016473591545782 /* AMBPlugin.swift */,
				1AB42206D70E4B649CD724B2 /* AMBRewarded.swift */,
				24FD31D28B2142F09B8DFBF0 /* AMBRewardedInterstitial.swift */,
				3C5ACCB246874CFA979F5D63 /* CDVNotification.m */,
				0D7785AEB9CE48BA93BD2300 /* CDVNotification.h */,
				B2463C51B62E4757BF927BF3 /* NativeStorage.m */,
				EF401275C2E54D748730557B /* NativeStorage.h */,
				99B6C325928F43D2A8C11ED0 /* CDVAppRate.m */,
				158C08267C1E4D02AC02FDD2 /* CDVAppRate.h */,
				379A81E4D0104B0C8464BEEB /* CDVDevice.m */,
				4FC51961257040F4B731B369 /* CDVDevice.h */,
				492AC3F41E034A24AD5D7CFB /* CDVLocation.m */,
				9807638AE103472992C45ACB /* CDVLocation.h */,
				33B771DFBFAA41629F4E83B8 /* IdfaPlugin.m */,
				CC7869686D1442B8AF42DD7F /* IdfaPlugin.h */,
				DA685C24B756493D84C68B64 /* CDVInAppBrowserOptions.m */,
				99F25292ACF14A0CB190A650 /* CDVInAppBrowserNavigationController.m */,
				72A948C4406F44F787EBB725 /* CDVWKInAppBrowser.m */,
				55CE602710B248A186C5206F /* CDVWKInAppBrowserUIDelegate.m */,
				E734CB22A628425FBF9F5CE8 /* CDVInAppBrowserOptions.h */,
				B526796936394947B178FE2E /* CDVInAppBrowserNavigationController.h */,
				E703CA6D5E2A4D4A8E438A2A /* CDVWKInAppBrowser.h */,
				92209CEE11BD4861966CF1ED /* CDVWKInAppBrowserUIDelegate.h */,
				A0B028BB1C5448B29F0527B2 /* CDVWKWebViewFileXhr.m */,
				16AE39D648F24D32A075F9C0 /* CDVWKWebViewFileXhr.h */,
			);
			name = Plugins;
			path = "Tranvias Coruna/Plugins";
			sourceTree = SOURCE_ROOT;
		};
		817565F16652908649F6221D /* Pods */ = {
			isa = PBXGroup;
			children = (
				D43A566ABF4519090A5CA725 /* Pods-Tranvias Coruna.debug.xcconfig */,
				B42F1F4E0D3FE05058364176 /* Pods-Tranvias Coruna.release.xcconfig */,
			);
			name = Pods;
			path = Pods;
			sourceTree = "<group>";
		};
		EB87FDF11871DA420020F90C /* Staging */ = {
			isa = PBXGroup;
			children = (
				F840E1F0165FE0F500CFE078 /* config.xml */,
				301BF56E109A69640062928A /* www */,
			);
			name = Staging;
			sourceTree = "<group>";
		};
/* End PBXGroup section */

/* Begin PBXNativeTarget section */
		1D6058900D05DD3D006BFB54 /* Tranvias Coruna */ = {
			isa = PBXNativeTarget;
			buildConfigurationList = 1D6058960D05DD3E006BFB54 /* Build configuration list for PBXNativeTarget "Tranvias Coruna" */;
			buildPhases = (
				C6718E061235BDD4A14BD1C5 /* [CP] Check Pods Manifest.lock */,
				304B58A110DAC018002A0835 /* Copy www directory */,
				1D60588D0D05DD3D006BFB54 /* Resources */,
				1D60588E0D05DD3D006BFB54 /* Sources */,
				1D60588F0D05DD3D006BFB54 /* Frameworks */,
				2A6CA746197DB692C246026D /* [CP] Embed Pods Frameworks */,
			);
			buildRules = (
			);
			dependencies = (
				301BF551109A68C00062928A /* PBXTargetDependency */,
			);
			name = "Tranvias Coruna";
			productName = "Tranvias Coruna";
			productReference = 1D6058910D05DD3D006BFB54 /* Tranvias Coruna.app */;
			productType = "com.apple.product-type.application";
		};
/* End PBXNativeTarget section */

/* Begin PBXProject section */
		29B97313FDCFA39411CA2CEA /* Project object */ = {
			isa = PBXProject;
			attributes = {
				LastUpgradeCheck = 1130;
				TargetAttributes = {
					1D6058900D05DD3D006BFB54 = {
						ProvisioningStyle = Automatic;
					};
				};
			};
			buildConfigurationList = C01FCF4E08A954540054247B /* Build configuration list for PBXProject "Tranvias Coruna" */;
			compatibilityVersion = "Xcode 11.0";
			developmentRegion = en;
			hasScannedForEncodings = 1;
			knownRegions = (
				en,
				Base,
			);
			mainGroup = 29B97314FDCFA39411CA2CEA;
			productRefGroup = 19C28FACFE9D520D11CA2CBB /* Products */;
			projectDirPath = "";
			projectReferences = (
				{
					ProductGroup = 301BF52E109A57CC0062928A /* Products */;
					ProjectRef = 301BF52D109A57CC0062928A /* CordovaLib.xcodeproj */;
				},
			);
			projectRoot = "";
			targets = (
				1D6058900D05DD3D006BFB54 /* Tranvias Coruna */,
			);
		};
/* End PBXProject section */

/* Begin PBXReferenceProxy section */
		301BF535109A57CC0062928A /* libCordova.a */ = {
			isa = PBXReferenceProxy;
			fileType = archive.ar;
			path = libCordova.a;
			remoteRef = 301BF534109A57CC0062928A /* PBXContainerItemProxy */;
			sourceTree = BUILT_PRODUCTS_DIR;
		};
		907D8124214C687600058A10 /* Cordova.framework */ = {
			isa = PBXReferenceProxy;
			fileType = wrapper.framework;
			path = Cordova.framework;
			remoteRef = 907D8123214C687600058A10 /* PBXContainerItemProxy */;
			sourceTree = BUILT_PRODUCTS_DIR;
		};
/* End PBXReferenceProxy section */

/* Begin PBXResourcesBuildPhase section */
		1D60588D0D05DD3D006BFB54 /* Resources */ = {
			isa = PBXResourcesBuildPhase;
			buildActionMask = 2147483647;
			files = (
				302D95F214D2391D003F00A1 /* MainViewController.xib in Resources */,
				0207DA581B56EA530066E2B4 /* Images.xcassets in Resources */,
				6AFF5BF91D6E424B00AB3073 /* CDVLaunchScreen.storyboard in Resources */,
				5EBDC856B94F40B4857649F8 /* CDVNotification.bundle in Resources */,
			);
			runOnlyForDeploymentPostprocessing = 0;
		};
/* End PBXResourcesBuildPhase section */

/* Begin PBXShellScriptBuildPhase section */
		2A6CA746197DB692C246026D /* [CP] Embed Pods Frameworks */ = {
			isa = PBXShellScriptBuildPhase;
			buildActionMask = 2147483647;
			files = (
			);
			inputFileListPaths = (
				"${PODS_ROOT}/Target Support Files/Pods-Tranvias Coruna/Pods-Tranvias Coruna-frameworks-${CONFIGURATION}-input-files.xcfilelist",
			);
			name = "[CP] Embed Pods Frameworks";
			outputFileListPaths = (
				"${PODS_ROOT}/Target Support Files/Pods-Tranvias Coruna/Pods-Tranvias Coruna-frameworks-${CONFIGURATION}-output-files.xcfilelist",
			);
			runOnlyForDeploymentPostprocessing = 0;
			shellPath = /bin/sh;
			shellScript = "\"${PODS_ROOT}/Target Support Files/Pods-Tranvias Coruna/Pods-Tranvias Coruna-frameworks.sh\"\n";
			showEnvVarsInLog = 0;
		};
		304B58A110DAC018002A0835 /* Copy www directory */ = {
			isa = PBXShellScriptBuildPhase;
			buildActionMask = 2147483647;
			files = (
			);
			inputPaths = (
			);
			name = "Copy www directory";
			outputPaths = (
			);
			runOnlyForDeploymentPostprocessing = 0;
			shellPath = /bin/sh;
			shellScript = "\"$SRCROOT/Tranvias Coruna/Scripts/copy-www-build-step.sh\"";
			showEnvVarsInLog = 0;
		};
		C6718E061235BDD4A14BD1C5 /* [CP] Check Pods Manifest.lock */ = {
			isa = PBXShellScriptBuildPhase;
			buildActionMask = 2147483647;
			files = (
			);
			inputFileListPaths = (
			);
			inputPaths = (
				"${PODS_PODFILE_DIR_PATH}/Podfile.lock",
				"${PODS_ROOT}/Manifest.lock",
			);
			name = "[CP] Check Pods Manifest.lock";
			outputFileListPaths = (
			);
			outputPaths = (
				"$(DERIVED_FILE_DIR)/Pods-Tranvias Coruna-checkManifestLockResult.txt",
			);
			runOnlyForDeploymentPostprocessing = 0;
			shellPath = /bin/sh;
			shellScript = "diff \"${PODS_PODFILE_DIR_PATH}/Podfile.lock\" \"${PODS_ROOT}/Manifest.lock\" > /dev/null\nif [ $? != 0 ] ; then\n    # print error to STDERR\n    echo \"error: The sandbox is not in sync with the Podfile.lock. Run 'pod install' or update your CocoaPods installation.\" >&2\n    exit 1\nfi\n# This output is used by Xcode 'outputs' to avoid re-running this script phase.\necho \"SUCCESS\" > \"${SCRIPT_OUTPUT_FILE_0}\"\n";
			showEnvVarsInLog = 0;
		};
/* End PBXShellScriptBuildPhase section */

/* Begin PBXSourcesBuildPhase section */
		1D60588E0D05DD3D006BFB54 /* Sources */ = {
			isa = PBXSourcesBuildPhase;
			buildActionMask = 2147483647;
			files = (
				1D60589B0D05DD56006BFB54 /* main.m in Sources */,
				1D3623260D0F684500981E51 /* AppDelegate.m in Sources */,
				302D95F114D2391D003F00A1 /* MainViewController.m in Sources */,
				BE77B220E70E4061BD51E8D2 /* AMBAdBase.swift in Sources */,
				2E9B2B06EEB747BBA0E1B2C0 /* AMBAppOpenAd.swift in Sources */,
				E5BB9E9DFBAD4D15AED67C4C /* AMBBanner.swift in Sources */,
				5299B7B236BC4CE49691F2F7 /* AMBContext.swift in Sources */,
				8F5F767853D349D9B605B604 /* AMBCore.swift in Sources */,
				220221DDB06C47008055B929 /* AMBGenerated.swift in Sources */,
				C253BE7E9DB742B298A43551 /* AMBInterstitial.swift in Sources */,
				8FFFB9E439D84EB893D85F1B /* AMBNativeAd.swift in Sources */,
				BC19E588FC2043F78FA4D31B /* AMBPlugin.swift in Sources */,
				F05336741C8A4421B0390FE4 /* AMBRewarded.swift in Sources */,
				10953BFF39B94400BE25F1A1 /* AMBRewardedInterstitial.swift in Sources */,
				C1BB855AA8604FD795B19D4D /* CDVNotification.m in Sources */,
				D0FF6E0164294002AD539454 /* NativeStorage.m in Sources */,
				02F5A01C33FC457BB79B2AC1 /* CDVAppRate.m in Sources */,
				917ECDE23B0A4F6EBE0463AF /* CDVDevice.m in Sources */,
				9E1F622C7D0B40B5866BE4BE /* CDVLocation.m in Sources */,
				4013423153744A8DB8F858A9 /* IdfaPlugin.m in Sources */,
				376484827B1241038DAAE3AA /* CDVInAppBrowserOptions.m in Sources */,
				AEAB5C32F124499E82D3181B /* CDVInAppBrowserNavigationController.m in Sources */,
				C03FE7CD946C481DA41B972C /* CDVWKInAppBrowser.m in Sources */,
				64BC9BA050ED454BA4D959E1 /* CDVWKInAppBrowserUIDelegate.m in Sources */,
				1C6EFA3E7F8F4EFA892A5285 /* CDVWKWebViewFileXhr.m in Sources */,
			);
			runOnlyForDeploymentPostprocessing = 0;
		};
/* End PBXSourcesBuildPhase section */

/* Begin PBXTargetDependency section */
		301BF551109A68C00062928A /* PBXTargetDependency */ = {
			isa = PBXTargetDependency;
			name = CordovaLib;
			targetProxy = 301BF550109A68C00062928A /* PBXContainerItemProxy */;
		};
/* End PBXTargetDependency section */

/* Begin XCBuildConfiguration section */
		1D6058940D05DD3E006BFB54 /* Debug */ = {
			isa = XCBuildConfiguration;
			baseConfigurationReference = 3047A50F1AB8059700498E2A /* build-debug.xcconfig */;
			buildSettings = {
				ALWAYS_SEARCH_USER_PATHS = NO;
				ASSETCATALOG_COMPILER_APPICON_NAME = AppIcon;
				CLANG_ENABLE_MODULES = YES;
				CLANG_ENABLE_OBJC_ARC = YES;
				COPY_PHASE_STRIP = NO;
				GCC_DYNAMIC_NO_PIC = NO;
				GCC_OPTIMIZATION_LEVEL = 0;
				GCC_PRECOMPILE_PREFIX_HEADER = YES;
				GCC_PREFIX_HEADER = "Tranvias Coruna/Tranvias Coruna-Prefix.pch";
				GCC_THUMB_SUPPORT = NO;
				GCC_VERSION = "";
				INFOPLIST_FILE = "Tranvias Coruna/Tranvias Coruna-Info.plist";
				IPHONEOS_DEPLOYMENT_TARGET = 11.0;
				LD_RUNPATH_SEARCH_PATHS = "@executable_path/Frameworks";
				PRODUCT_BUNDLE_IDENTIFIER = com.tranvias.withads;
				PRODUCT_NAME = "$(TARGET_NAME)";
				SWIFT_VERSION = 5.3;
				TARGETED_DEVICE_FAMILY = "1,2";
				VALIDATE_WORKSPACE = NO;
			};
			name = Debug;
		};
		1D6058950D05DD3E006BFB54 /* Release */ = {
			isa = XCBuildConfiguration;
			baseConfigurationReference = 3047A5101AB8059700498E2A /* build-release.xcconfig */;
			buildSettings = {
				ALWAYS_SEARCH_USER_PATHS = NO;
				ASSETCATALOG_COMPILER_APPICON_NAME = AppIcon;
				CLANG_ENABLE_MODULES = YES;
				CLANG_ENABLE_OBJC_ARC = YES;
				COPY_PHASE_STRIP = YES;
				GCC_PRECOMPILE_PREFIX_HEADER = YES;
				GCC_PREFIX_HEADER = "Tranvias Coruna/Tranvias Coruna-Prefix.pch";
				GCC_THUMB_SUPPORT = NO;
				GCC_VERSION = "";
				INFOPLIST_FILE = "Tranvias Coruna/Tranvias Coruna-Info.plist";
				IPHONEOS_DEPLOYMENT_TARGET = 11.0;
				LD_RUNPATH_SEARCH_PATHS = "@executable_path/Frameworks";
				PRODUCT_BUNDLE_IDENTIFIER = com.tranvias.withads;
				PRODUCT_NAME = "$(TARGET_NAME)";
				SWIFT_VERSION = 5.3;
				TARGETED_DEVICE_FAMILY = "1,2";
				VALIDATE_WORKSPACE = NO;
			};
			name = Release;
		};
		C01FCF4F08A954540054247B /* Debug */ = {
			isa = XCBuildConfiguration;
			baseConfigurationReference = 3047A5111AB8059700498E2A /* build.xcconfig */;
			buildSettings = {
				CLANG_ANALYZER_LOCALIZABILITY_NONLOCALIZED = YES;
				CLANG_ENABLE_MODULES = YES;
				CLANG_ENABLE_OBJC_ARC = YES;
				CLANG_WARN_BLOCK_CAPTURE_AUTORELEASING = YES;
				CLANG_WARN_BOOL_CONVERSION = YES;
				CLANG_WARN_COMMA = YES;
				CLANG_WARN_CONSTANT_CONVERSION = YES;
				CLANG_WARN_DEPRECATED_OBJC_IMPLEMENTATIONS = YES;
				CLANG_WARN_EMPTY_BODY = YES;
				CLANG_WARN_ENUM_CONVERSION = YES;
				CLANG_WARN_INFINITE_RECURSION = YES;
				CLANG_WARN_INT_CONVERSION = YES;
				CLANG_WARN_NON_LITERAL_NULL_CONVERSION = YES;
				CLANG_WARN_OBJC_IMPLICIT_RETAIN_SELF = YES;
				CLANG_WARN_OBJC_LITERAL_CONVERSION = YES;
				CLANG_WARN_RANGE_LOOP_ANALYSIS = YES;
				CLANG_WARN_STRICT_PROTOTYPES = YES;
				CLANG_WARN_SUSPICIOUS_MOVE = YES;
				CLANG_WARN_UNREACHABLE_CODE = YES;
				CLANG_WARN__DUPLICATE_METHOD_MATCH = YES;
				ENABLE_STRICT_OBJC_MSGSEND = YES;
				ENABLE_TESTABILITY = YES;
				GCC_C_LANGUAGE_STANDARD = c99;
				GCC_NO_COMMON_BLOCKS = YES;
				GCC_THUMB_SUPPORT = NO;
				GCC_VERSION = "";
				GCC_WARN_64_TO_32_BIT_CONVERSION = YES;
				GCC_WARN_ABOUT_RETURN_TYPE = YES;
				GCC_WARN_UNDECLARED_SELECTOR = YES;
				GCC_WARN_UNINITIALIZED_AUTOS = YES;
				GCC_WARN_UNUSED_FUNCTION = YES;
				GCC_WARN_UNUSED_VARIABLE = YES;
				ONLY_ACTIVE_ARCH = YES;
				SDKROOT = iphoneos;
				SKIP_INSTALL = NO;
				SWIFT_VERSION = 5.3;
				TARGETED_DEVICE_FAMILY = "1,2";
				WK_WEB_VIEW_ONLY = 1;
			};
			name = Debug;
		};
		C01FCF5008A954540054247B /* Release */ = {
			isa = XCBuildConfiguration;
			baseConfigurationReference = 3047A5111AB8059700498E2A /* build.xcconfig */;
			buildSettings = {
				CLANG_ANALYZER_LOCALIZABILITY_NONLOCALIZED = YES;
				CLANG_ENABLE_MODULES = YES;
				CLANG_ENABLE_OBJC_ARC = YES;
				CLANG_WARN_BLOCK_CAPTURE_AUTORELEASING = YES;
				CLANG_WARN_BOOL_CONVERSION = YES;
				CLANG_WARN_COMMA = YES;
				CLANG_WARN_CONSTANT_CONVERSION = YES;
				CLANG_WARN_DEPRECATED_OBJC_IMPLEMENTATIONS = YES;
				CLANG_WARN_EMPTY_BODY = YES;
				CLANG_WARN_ENUM_CONVERSION = YES;
				CLANG_WARN_INFINITE_RECURSION = YES;
				CLANG_WARN_INT_CONVERSION = YES;
				CLANG_WARN_NON_LITERAL_NULL_CONVERSION = YES;
				CLANG_WARN_OBJC_IMPLICIT_RETAIN_SELF = YES;
				CLANG_WARN_OBJC_LITERAL_CONVERSION = YES;
				CLANG_WARN_RANGE_LOOP_ANALYSIS = YES;
				CLANG_WARN_STRICT_PROTOTYPES = YES;
				CLANG_WARN_SUSPICIOUS_MOVE = YES;
				CLANG_WARN_UNREACHABLE_CODE = YES;
				CLANG_WARN__DUPLICATE_METHOD_MATCH = YES;
				ENABLE_STRICT_OBJC_MSGSEND = YES;
				GCC_C_LANGUAGE_STANDARD = c99;
				GCC_NO_COMMON_BLOCKS = YES;
				GCC_THUMB_SUPPORT = NO;
				GCC_VERSION = "";
				GCC_WARN_64_TO_32_BIT_CONVERSION = YES;
				GCC_WARN_ABOUT_RETURN_TYPE = YES;
				GCC_WARN_UNDECLARED_SELECTOR = YES;
				GCC_WARN_UNINITIALIZED_AUTOS = YES;
				GCC_WARN_UNUSED_FUNCTION = YES;
				GCC_WARN_UNUSED_VARIABLE = YES;
				SDKROOT = iphoneos;
				SKIP_INSTALL = NO;
				SWIFT_VERSION = 5.3;
				TARGETED_DEVICE_FAMILY = "1,2";
				WK_WEB_VIEW_ONLY = 1;
			};
			name = Release;
		};
/* End XCBuildConfiguration section */

/* Begin XCConfigurationList section */
		1D6058960D05DD3E006BFB54 /* Build configuration list for PBXNativeTarget "Tranvias Coruna" */ = {
			isa = XCConfigurationList;
			buildConfigurations = (
				1D6058940D05DD3E006BFB54 /* Debug */,
				1D6058950D05DD3E006BFB54 /* Release */,
			);
			defaultConfigurationIsVisible = 0;
			defaultConfigurationName = Release;
		};
		C01FCF4E08A954540054247B /* Build configuration list for PBXProject "Tranvias Coruna" */ = {
			isa = XCConfigurationList;
			buildConfigurations = (
				C01FCF4F08A954540054247B /* Debug */,
				C01FCF5008A954540054247B /* Release */,
			);
			defaultConfigurationIsVisible = 0;
			defaultConfigurationName = Release;
		};
/* End XCConfigurationList section */
	};
	rootObject = 29B97313FDCFA39411CA2CEA /* Project object */;
}
